<?xml version="1.0" encoding="UTF-8" standalone="yes" ?>
<CodeBlocks_project_file>
   <FileVersion major="1" minor="6" />
   <Project>
      <Option title="gaeda" />
      <Option makefile_is_custom="1" />
      <Option compiler="gcc" />
      <Option virtualFolders="CMake Files\;CMake Files\gaeda\;CMake Files\gaedaexec\;CMake Files\soco2010\;" />
      <Build>
      <Target title="all">
         <Option working_dir="/Users/Arthur18/Documents/UGR-GII/4toCurso/TFG-AdvancedMetaheuristicsForBigOpt/UGR-GII-TFG/Algorithms-ELSGO/MOS-SOCO2010/gaeda" />
         <Option type="4" />
         <MakeCommands>
            <Build command="/usr/bin/make -f &quot;/Users/Arthur18/Documents/UGR-GII/4toCurso/TFG-AdvancedMetaheuristicsForBigOpt/UGR-GII-TFG/Algorithms-ELSGO/MOS-SOCO2010/gaeda/Makefile&quot;  VERBOSE=1 all" />
            <CompileFile command="/usr/bin/make -f &quot;/Users/Arthur18/Documents/UGR-GII/4toCurso/TFG-AdvancedMetaheuristicsForBigOpt/UGR-GII-TFG/Algorithms-ELSGO/MOS-SOCO2010/gaeda/Makefile&quot;  VERBOSE=1 &quot;$file&quot;" />
            <Clean command="/usr/bin/make -f &quot;/Users/Arthur18/Documents/UGR-GII/4toCurso/TFG-AdvancedMetaheuristicsForBigOpt/UGR-GII-TFG/Algorithms-ELSGO/MOS-SOCO2010/gaeda/Makefile&quot;  VERBOSE=1 clean" />
            <DistClean command="/usr/bin/make -f &quot;/Users/Arthur18/Documents/UGR-GII/4toCurso/TFG-AdvancedMetaheuristicsForBigOpt/UGR-GII-TFG/Algorithms-ELSGO/MOS-SOCO2010/gaeda/Makefile&quot;  VERBOSE=1 clean" />
         </MakeCommands>
      </Target>
      <Target title="gaeda">
         <Option output="/Users/Arthur18/Documents/UGR-GII/4toCurso/TFG-AdvancedMetaheuristicsForBigOpt/UGR-GII-TFG/Algorithms-ELSGO/MOS-SOCO2010/gaeda/libgaeda.so" prefix_auto="0" extension_auto="0" />
         <Option working_dir="/Users/Arthur18/Documents/UGR-GII/4toCurso/TFG-AdvancedMetaheuristicsForBigOpt/UGR-GII-TFG/Algorithms-ELSGO/MOS-SOCO2010/gaeda" />
         <Option object_output="./" />
         <Option type="3" />
         <Option compiler="gcc" />
         <Compiler>
            <Add directory="/Library/Developer/CommandLineTools/usr/include" />
            <Add directory="/Library/Developer/CommandLineTools/usr/include/c++/v1" />
            <Add directory="/Library/Developer/CommandLineTools/usr/lib/clang/9.1.0/include" />
            <Add directory="/Library/Frameworks" />
            <Add directory="/System/Library/Frameworks" />
            <Add directory="/usr/include" />
            <Add directory="/usr/local/include" />
         </Compiler>
         <MakeCommands>
            <Build command="/usr/bin/make -f &quot;/Users/Arthur18/Documents/UGR-GII/4toCurso/TFG-AdvancedMetaheuristicsForBigOpt/UGR-GII-TFG/Algorithms-ELSGO/MOS-SOCO2010/gaeda/Makefile&quot;  VERBOSE=1 gaeda" />
            <CompileFile command="/usr/bin/make -f &quot;/Users/Arthur18/Documents/UGR-GII/4toCurso/TFG-AdvancedMetaheuristicsForBigOpt/UGR-GII-TFG/Algorithms-ELSGO/MOS-SOCO2010/gaeda/Makefile&quot;  VERBOSE=1 &quot;$file&quot;" />
            <Clean command="/usr/bin/make -f &quot;/Users/Arthur18/Documents/UGR-GII/4toCurso/TFG-AdvancedMetaheuristicsForBigOpt/UGR-GII-TFG/Algorithms-ELSGO/MOS-SOCO2010/gaeda/Makefile&quot;  VERBOSE=1 clean" />
            <DistClean command="/usr/bin/make -f &quot;/Users/Arthur18/Documents/UGR-GII/4toCurso/TFG-AdvancedMetaheuristicsForBigOpt/UGR-GII-TFG/Algorithms-ELSGO/MOS-SOCO2010/gaeda/Makefile&quot;  VERBOSE=1 clean" />
         </MakeCommands>
      </Target>
      <Target title="gaeda/fast">
         <Option output="/Users/Arthur18/Documents/UGR-GII/4toCurso/TFG-AdvancedMetaheuristicsForBigOpt/UGR-GII-TFG/Algorithms-ELSGO/MOS-SOCO2010/gaeda/libgaeda.so" prefix_auto="0" extension_auto="0" />
         <Option working_dir="/Users/Arthur18/Documents/UGR-GII/4toCurso/TFG-AdvancedMetaheuristicsForBigOpt/UGR-GII-TFG/Algorithms-ELSGO/MOS-SOCO2010/gaeda" />
         <Option object_output="./" />
         <Option type="3" />
         <Option compiler="gcc" />
         <Compiler>
            <Add directory="/Library/Developer/CommandLineTools/usr/include" />
            <Add directory="/Library/Developer/CommandLineTools/usr/include/c++/v1" />
            <Add directory="/Library/Developer/CommandLineTools/usr/lib/clang/9.1.0/include" />
            <Add directory="/Library/Frameworks" />
            <Add directory="/System/Library/Frameworks" />
            <Add directory="/usr/include" />
            <Add directory="/usr/local/include" />
         </Compiler>
         <MakeCommands>
            <Build command="/usr/bin/make -f &quot;/Users/Arthur18/Documents/UGR-GII/4toCurso/TFG-AdvancedMetaheuristicsForBigOpt/UGR-GII-TFG/Algorithms-ELSGO/MOS-SOCO2010/gaeda/Makefile&quot;  VERBOSE=1 gaeda/fast" />
            <CompileFile command="/usr/bin/make -f &quot;/Users/Arthur18/Documents/UGR-GII/4toCurso/TFG-AdvancedMetaheuristicsForBigOpt/UGR-GII-TFG/Algorithms-ELSGO/MOS-SOCO2010/gaeda/Makefile&quot;  VERBOSE=1 &quot;$file&quot;" />
            <Clean command="/usr/bin/make -f &quot;/Users/Arthur18/Documents/UGR-GII/4toCurso/TFG-AdvancedMetaheuristicsForBigOpt/UGR-GII-TFG/Algorithms-ELSGO/MOS-SOCO2010/gaeda/Makefile&quot;  VERBOSE=1 clean" />
            <DistClean command="/usr/bin/make -f &quot;/Users/Arthur18/Documents/UGR-GII/4toCurso/TFG-AdvancedMetaheuristicsForBigOpt/UGR-GII-TFG/Algorithms-ELSGO/MOS-SOCO2010/gaeda/Makefile&quot;  VERBOSE=1 clean" />
         </MakeCommands>
      </Target>
      </Build>
      <Unit filename="/Users/Arthur18/Documents/UGR-GII/4toCurso/TFG-AdvancedMetaheuristicsForBigOpt/UGR-GII-TFG/Algorithms-ELSGO/MOS-SOCO2010/gaeda/Algorithm.cc">
         <Option target="gaeda"/>
      </Unit>
      <Unit filename="/Users/Arthur18/Documents/UGR-GII/4toCurso/TFG-AdvancedMetaheuristicsForBigOpt/UGR-GII-TFG/Algorithms-ELSGO/MOS-SOCO2010/gaeda/Algorithm.h">
         <Option target="gaeda"/>
      </Unit>
      <Unit filename="/Users/Arthur18/Documents/UGR-GII/4toCurso/TFG-AdvancedMetaheuristicsForBigOpt/UGR-GII-TFG/Algorithms-ELSGO/MOS-SOCO2010/gaeda/DEElitism.cc">
         <Option target="gaeda"/>
      </Unit>
      <Unit filename="/Users/Arthur18/Documents/UGR-GII/4toCurso/TFG-AdvancedMetaheuristicsForBigOpt/UGR-GII-TFG/Algorithms-ELSGO/MOS-SOCO2010/gaeda/DEElitism.h">
         <Option target="gaeda"/>
      </Unit>
      <Unit filename="/Users/Arthur18/Documents/UGR-GII/4toCurso/TFG-AdvancedMetaheuristicsForBigOpt/UGR-GII-TFG/Algorithms-ELSGO/MOS-SOCO2010/gaeda/GAEDAConfig.cc">
         <Option target="gaeda"/>
      </Unit>
      <Unit filename="/Users/Arthur18/Documents/UGR-GII/4toCurso/TFG-AdvancedMetaheuristicsForBigOpt/UGR-GII-TFG/Algorithms-ELSGO/MOS-SOCO2010/gaeda/GAEDAConfig.h">
         <Option target="gaeda"/>
      </Unit>
      <Unit filename="/Users/Arthur18/Documents/UGR-GII/4toCurso/TFG-AdvancedMetaheuristicsForBigOpt/UGR-GII-TFG/Algorithms-ELSGO/MOS-SOCO2010/gaeda/GAGeneticAlgorithm.cc">
         <Option target="gaeda"/>
      </Unit>
      <Unit filename="/Users/Arthur18/Documents/UGR-GII/4toCurso/TFG-AdvancedMetaheuristicsForBigOpt/UGR-GII-TFG/Algorithms-ELSGO/MOS-SOCO2010/gaeda/GAGeneticAlgorithm.h">
         <Option target="gaeda"/>
      </Unit>
      <Unit filename="/Users/Arthur18/Documents/UGR-GII/4toCurso/TFG-AdvancedMetaheuristicsForBigOpt/UGR-GII-TFG/Algorithms-ELSGO/MOS-SOCO2010/gaeda/GAParameter.cc">
         <Option target="gaeda"/>
      </Unit>
      <Unit filename="/Users/Arthur18/Documents/UGR-GII/4toCurso/TFG-AdvancedMetaheuristicsForBigOpt/UGR-GII-TFG/Algorithms-ELSGO/MOS-SOCO2010/gaeda/GAParameter.h">
         <Option target="gaeda"/>
      </Unit>
      <Unit filename="/Users/Arthur18/Documents/UGR-GII/4toCurso/TFG-AdvancedMetaheuristicsForBigOpt/UGR-GII-TFG/Algorithms-ELSGO/MOS-SOCO2010/gaeda/GAPopulation.cc">
         <Option target="gaeda"/>
      </Unit>
      <Unit filename="/Users/Arthur18/Documents/UGR-GII/4toCurso/TFG-AdvancedMetaheuristicsForBigOpt/UGR-GII-TFG/Algorithms-ELSGO/MOS-SOCO2010/gaeda/GAPopulation.h">
         <Option target="gaeda"/>
      </Unit>
      <Unit filename="/Users/Arthur18/Documents/UGR-GII/4toCurso/TFG-AdvancedMetaheuristicsForBigOpt/UGR-GII-TFG/Algorithms-ELSGO/MOS-SOCO2010/gaeda/GARealOps.cc">
         <Option target="gaeda"/>
      </Unit>
      <Unit filename="/Users/Arthur18/Documents/UGR-GII/4toCurso/TFG-AdvancedMetaheuristicsForBigOpt/UGR-GII-TFG/Algorithms-ELSGO/MOS-SOCO2010/gaeda/GARealOps.h">
         <Option target="gaeda"/>
      </Unit>
      <Unit filename="/Users/Arthur18/Documents/UGR-GII/4toCurso/TFG-AdvancedMetaheuristicsForBigOpt/UGR-GII-TFG/Algorithms-ELSGO/MOS-SOCO2010/gaeda/GAScaling.cc">
         <Option target="gaeda"/>
      </Unit>
      <Unit filename="/Users/Arthur18/Documents/UGR-GII/4toCurso/TFG-AdvancedMetaheuristicsForBigOpt/UGR-GII-TFG/Algorithms-ELSGO/MOS-SOCO2010/gaeda/GAScaling.h">
         <Option target="gaeda"/>
      </Unit>
      <Unit filename="/Users/Arthur18/Documents/UGR-GII/4toCurso/TFG-AdvancedMetaheuristicsForBigOpt/UGR-GII-TFG/Algorithms-ELSGO/MOS-SOCO2010/gaeda/GASelector.cc">
         <Option target="gaeda"/>
      </Unit>
      <Unit filename="/Users/Arthur18/Documents/UGR-GII/4toCurso/TFG-AdvancedMetaheuristicsForBigOpt/UGR-GII-TFG/Algorithms-ELSGO/MOS-SOCO2010/gaeda/GASelector.h">
         <Option target="gaeda"/>
      </Unit>
      <Unit filename="/Users/Arthur18/Documents/UGR-GII/4toCurso/TFG-AdvancedMetaheuristicsForBigOpt/UGR-GII-TFG/Algorithms-ELSGO/MOS-SOCO2010/gaeda/GAStatistics.cc">
         <Option target="gaeda"/>
      </Unit>
      <Unit filename="/Users/Arthur18/Documents/UGR-GII/4toCurso/TFG-AdvancedMetaheuristicsForBigOpt/UGR-GII-TFG/Algorithms-ELSGO/MOS-SOCO2010/gaeda/GAStatistics.h">
         <Option target="gaeda"/>
      </Unit>
      <Unit filename="/Users/Arthur18/Documents/UGR-GII/4toCurso/TFG-AdvancedMetaheuristicsForBigOpt/UGR-GII-TFG/Algorithms-ELSGO/MOS-SOCO2010/gaeda/LSElitism.cc">
         <Option target="gaeda"/>
      </Unit>
      <Unit filename="/Users/Arthur18/Documents/UGR-GII/4toCurso/TFG-AdvancedMetaheuristicsForBigOpt/UGR-GII-TFG/Algorithms-ELSGO/MOS-SOCO2010/gaeda/LSElitism.h">
         <Option target="gaeda"/>
      </Unit>
      <Unit filename="/Users/Arthur18/Documents/UGR-GII/4toCurso/TFG-AdvancedMetaheuristicsForBigOpt/UGR-GII-TFG/Algorithms-ELSGO/MOS-SOCO2010/gaeda/MOSConfig.cc">
         <Option target="gaeda"/>
      </Unit>
      <Unit filename="/Users/Arthur18/Documents/UGR-GII/4toCurso/TFG-AdvancedMetaheuristicsForBigOpt/UGR-GII-TFG/Algorithms-ELSGO/MOS-SOCO2010/gaeda/MOSConfig.h">
         <Option target="gaeda"/>
      </Unit>
      <Unit filename="/Users/Arthur18/Documents/UGR-GII/4toCurso/TFG-AdvancedMetaheuristicsForBigOpt/UGR-GII-TFG/Algorithms-ELSGO/MOS-SOCO2010/gaeda/MOSConversion.cc">
         <Option target="gaeda"/>
      </Unit>
      <Unit filename="/Users/Arthur18/Documents/UGR-GII/4toCurso/TFG-AdvancedMetaheuristicsForBigOpt/UGR-GII-TFG/Algorithms-ELSGO/MOS-SOCO2010/gaeda/MOSConversion.h">
         <Option target="gaeda"/>
      </Unit>
      <Unit filename="/Users/Arthur18/Documents/UGR-GII/4toCurso/TFG-AdvancedMetaheuristicsForBigOpt/UGR-GII-TFG/Algorithms-ELSGO/MOS-SOCO2010/gaeda/MOSEA.cc">
         <Option target="gaeda"/>
      </Unit>
      <Unit filename="/Users/Arthur18/Documents/UGR-GII/4toCurso/TFG-AdvancedMetaheuristicsForBigOpt/UGR-GII-TFG/Algorithms-ELSGO/MOS-SOCO2010/gaeda/MOSEA.h">
         <Option target="gaeda"/>
      </Unit>
      <Unit filename="/Users/Arthur18/Documents/UGR-GII/4toCurso/TFG-AdvancedMetaheuristicsForBigOpt/UGR-GII-TFG/Algorithms-ELSGO/MOS-SOCO2010/gaeda/MOSGenomeFactory.cc">
         <Option target="gaeda"/>
      </Unit>
      <Unit filename="/Users/Arthur18/Documents/UGR-GII/4toCurso/TFG-AdvancedMetaheuristicsForBigOpt/UGR-GII-TFG/Algorithms-ELSGO/MOS-SOCO2010/gaeda/MOSGenomeFactory.h">
         <Option target="gaeda"/>
      </Unit>
      <Unit filename="/Users/Arthur18/Documents/UGR-GII/4toCurso/TFG-AdvancedMetaheuristicsForBigOpt/UGR-GII-TFG/Algorithms-ELSGO/MOS-SOCO2010/gaeda/MOSParticipationFunction.cc">
         <Option target="gaeda"/>
      </Unit>
      <Unit filename="/Users/Arthur18/Documents/UGR-GII/4toCurso/TFG-AdvancedMetaheuristicsForBigOpt/UGR-GII-TFG/Algorithms-ELSGO/MOS-SOCO2010/gaeda/MOSParticipationFunction.h">
         <Option target="gaeda"/>
      </Unit>
      <Unit filename="/Users/Arthur18/Documents/UGR-GII/4toCurso/TFG-AdvancedMetaheuristicsForBigOpt/UGR-GII-TFG/Algorithms-ELSGO/MOS-SOCO2010/gaeda/MOSQualityFunction.cc">
         <Option target="gaeda"/>
      </Unit>
      <Unit filename="/Users/Arthur18/Documents/UGR-GII/4toCurso/TFG-AdvancedMetaheuristicsForBigOpt/UGR-GII-TFG/Algorithms-ELSGO/MOS-SOCO2010/gaeda/MOSQualityFunction.h">
         <Option target="gaeda"/>
      </Unit>
      <Unit filename="/Users/Arthur18/Documents/UGR-GII/4toCurso/TFG-AdvancedMetaheuristicsForBigOpt/UGR-GII-TFG/Algorithms-ELSGO/MOS-SOCO2010/gaeda/MOSTechnique.cc">
         <Option target="gaeda"/>
      </Unit>
      <Unit filename="/Users/Arthur18/Documents/UGR-GII/4toCurso/TFG-AdvancedMetaheuristicsForBigOpt/UGR-GII-TFG/Algorithms-ELSGO/MOS-SOCO2010/gaeda/MOSTechnique.h">
         <Option target="gaeda"/>
      </Unit>
      <Unit filename="/Users/Arthur18/Documents/UGR-GII/4toCurso/TFG-AdvancedMetaheuristicsForBigOpt/UGR-GII-TFG/Algorithms-ELSGO/MOS-SOCO2010/gaeda/MOSTechniqueDE.cc">
         <Option target="gaeda"/>
      </Unit>
      <Unit filename="/Users/Arthur18/Documents/UGR-GII/4toCurso/TFG-AdvancedMetaheuristicsForBigOpt/UGR-GII-TFG/Algorithms-ELSGO/MOS-SOCO2010/gaeda/MOSTechniqueDE.h">
         <Option target="gaeda"/>
      </Unit>
      <Unit filename="/Users/Arthur18/Documents/UGR-GII/4toCurso/TFG-AdvancedMetaheuristicsForBigOpt/UGR-GII-TFG/Algorithms-ELSGO/MOS-SOCO2010/gaeda/MOSTechniqueLS.cc">
         <Option target="gaeda"/>
      </Unit>
      <Unit filename="/Users/Arthur18/Documents/UGR-GII/4toCurso/TFG-AdvancedMetaheuristicsForBigOpt/UGR-GII-TFG/Algorithms-ELSGO/MOS-SOCO2010/gaeda/MOSTechniqueLS.h">
         <Option target="gaeda"/>
      </Unit>
      <Unit filename="/Users/Arthur18/Documents/UGR-GII/4toCurso/TFG-AdvancedMetaheuristicsForBigOpt/UGR-GII-TFG/Algorithms-ELSGO/MOS-SOCO2010/gaeda/MOSTechniqueSet.cc">
         <Option target="gaeda"/>
      </Unit>
      <Unit filename="/Users/Arthur18/Documents/UGR-GII/4toCurso/TFG-AdvancedMetaheuristicsForBigOpt/UGR-GII-TFG/Algorithms-ELSGO/MOS-SOCO2010/gaeda/MOSTechniqueSet.h">
         <Option target="gaeda"/>
      </Unit>
      <Unit filename="/Users/Arthur18/Documents/UGR-GII/4toCurso/TFG-AdvancedMetaheuristicsForBigOpt/UGR-GII-TFG/Algorithms-ELSGO/MOS-SOCO2010/gaeda/config/grammar.c">
         <Option target="gaeda"/>
      </Unit>
      <Unit filename="/Users/Arthur18/Documents/UGR-GII/4toCurso/TFG-AdvancedMetaheuristicsForBigOpt/UGR-GII-TFG/Algorithms-ELSGO/MOS-SOCO2010/gaeda/config/grammar.h">
         <Option target="gaeda"/>
      </Unit>
      <Unit filename="/Users/Arthur18/Documents/UGR-GII/4toCurso/TFG-AdvancedMetaheuristicsForBigOpt/UGR-GII-TFG/Algorithms-ELSGO/MOS-SOCO2010/gaeda/config/libconfig.c">
         <Option target="gaeda"/>
      </Unit>
      <Unit filename="/Users/Arthur18/Documents/UGR-GII/4toCurso/TFG-AdvancedMetaheuristicsForBigOpt/UGR-GII-TFG/Algorithms-ELSGO/MOS-SOCO2010/gaeda/config/libconfig.h">
         <Option target="gaeda"/>
      </Unit>
      <Unit filename="/Users/Arthur18/Documents/UGR-GII/4toCurso/TFG-AdvancedMetaheuristicsForBigOpt/UGR-GII-TFG/Algorithms-ELSGO/MOS-SOCO2010/gaeda/config/libconfigcpp.cc">
         <Option target="gaeda"/>
      </Unit>
      <Unit filename="/Users/Arthur18/Documents/UGR-GII/4toCurso/TFG-AdvancedMetaheuristicsForBigOpt/UGR-GII-TFG/Algorithms-ELSGO/MOS-SOCO2010/gaeda/config/libconfigcpp.h">
         <Option target="gaeda"/>
      </Unit>
      <Unit filename="/Users/Arthur18/Documents/UGR-GII/4toCurso/TFG-AdvancedMetaheuristicsForBigOpt/UGR-GII-TFG/Algorithms-ELSGO/MOS-SOCO2010/gaeda/config/scanner.c">
         <Option target="gaeda"/>
      </Unit>
      <Unit filename="/Users/Arthur18/Documents/UGR-GII/4toCurso/TFG-AdvancedMetaheuristicsForBigOpt/UGR-GII-TFG/Algorithms-ELSGO/MOS-SOCO2010/gaeda/config/scanner.h">
         <Option target="gaeda"/>
      </Unit>
      <Unit filename="/Users/Arthur18/Documents/UGR-GII/4toCurso/TFG-AdvancedMetaheuristicsForBigOpt/UGR-GII-TFG/Algorithms-ELSGO/MOS-SOCO2010/gaeda/extras/distaux.cc">
         <Option target="gaeda"/>
      </Unit>
      <Unit filename="/Users/Arthur18/Documents/UGR-GII/4toCurso/TFG-AdvancedMetaheuristicsForBigOpt/UGR-GII-TFG/Algorithms-ELSGO/MOS-SOCO2010/gaeda/extras/distaux.h">
         <Option target="gaeda"/>
      </Unit>
      <Unit filename="/Users/Arthur18/Documents/UGR-GII/4toCurso/TFG-AdvancedMetaheuristicsForBigOpt/UGR-GII-TFG/Algorithms-ELSGO/MOS-SOCO2010/gaeda/extras/problemloader.cc">
         <Option target="gaeda"/>
      </Unit>
      <Unit filename="/Users/Arthur18/Documents/UGR-GII/4toCurso/TFG-AdvancedMetaheuristicsForBigOpt/UGR-GII-TFG/Algorithms-ELSGO/MOS-SOCO2010/gaeda/extras/problemloader.h">
         <Option target="gaeda"/>
      </Unit>
      <Unit filename="/Users/Arthur18/Documents/UGR-GII/4toCurso/TFG-AdvancedMetaheuristicsForBigOpt/UGR-GII-TFG/Algorithms-ELSGO/MOS-SOCO2010/gaeda/gaerror.cc">
         <Option target="gaeda"/>
      </Unit>
      <Unit filename="/Users/Arthur18/Documents/UGR-GII/4toCurso/TFG-AdvancedMetaheuristicsForBigOpt/UGR-GII-TFG/Algorithms-ELSGO/MOS-SOCO2010/gaeda/gaerror.h">
         <Option target="gaeda"/>
      </Unit>
      <Unit filename="/Users/Arthur18/Documents/UGR-GII/4toCurso/TFG-AdvancedMetaheuristicsForBigOpt/UGR-GII-TFG/Algorithms-ELSGO/MOS-SOCO2010/gaeda/gaparameters.cc">
         <Option target="gaeda"/>
      </Unit>
      <Unit filename="/Users/Arthur18/Documents/UGR-GII/4toCurso/TFG-AdvancedMetaheuristicsForBigOpt/UGR-GII-TFG/Algorithms-ELSGO/MOS-SOCO2010/gaeda/gaparameters.h">
         <Option target="gaeda"/>
      </Unit>
      <Unit filename="/Users/Arthur18/Documents/UGR-GII/4toCurso/TFG-AdvancedMetaheuristicsForBigOpt/UGR-GII-TFG/Algorithms-ELSGO/MOS-SOCO2010/gaeda/garandom.cc">
         <Option target="gaeda"/>
      </Unit>
      <Unit filename="/Users/Arthur18/Documents/UGR-GII/4toCurso/TFG-AdvancedMetaheuristicsForBigOpt/UGR-GII-TFG/Algorithms-ELSGO/MOS-SOCO2010/gaeda/garandom.h">
         <Option target="gaeda"/>
      </Unit>
      <Unit filename="/Users/Arthur18/Documents/UGR-GII/4toCurso/TFG-AdvancedMetaheuristicsForBigOpt/UGR-GII-TFG/Algorithms-ELSGO/MOS-SOCO2010/gaeda/genomes/GA1DArrayGenome.cc">
         <Option target="gaeda"/>
      </Unit>
      <Unit filename="/Users/Arthur18/Documents/UGR-GII/4toCurso/TFG-AdvancedMetaheuristicsForBigOpt/UGR-GII-TFG/Algorithms-ELSGO/MOS-SOCO2010/gaeda/genomes/GA1DArrayGenome.h">
         <Option target="gaeda"/>
      </Unit>
      <Unit filename="/Users/Arthur18/Documents/UGR-GII/4toCurso/TFG-AdvancedMetaheuristicsForBigOpt/UGR-GII-TFG/Algorithms-ELSGO/MOS-SOCO2010/gaeda/genomes/GAAllele.cc">
         <Option target="gaeda"/>
      </Unit>
      <Unit filename="/Users/Arthur18/Documents/UGR-GII/4toCurso/TFG-AdvancedMetaheuristicsForBigOpt/UGR-GII-TFG/Algorithms-ELSGO/MOS-SOCO2010/gaeda/genomes/GAAllele.h">
         <Option target="gaeda"/>
      </Unit>
      <Unit filename="/Users/Arthur18/Documents/UGR-GII/4toCurso/TFG-AdvancedMetaheuristicsForBigOpt/UGR-GII-TFG/Algorithms-ELSGO/MOS-SOCO2010/gaeda/genomes/GAGenome.cc">
         <Option target="gaeda"/>
      </Unit>
      <Unit filename="/Users/Arthur18/Documents/UGR-GII/4toCurso/TFG-AdvancedMetaheuristicsForBigOpt/UGR-GII-TFG/Algorithms-ELSGO/MOS-SOCO2010/gaeda/genomes/GAGenome.h">
         <Option target="gaeda"/>
      </Unit>
      <Unit filename="/Users/Arthur18/Documents/UGR-GII/4toCurso/TFG-AdvancedMetaheuristicsForBigOpt/UGR-GII-TFG/Algorithms-ELSGO/MOS-SOCO2010/gaeda/genomes/MOSGenome.cc">
         <Option target="gaeda"/>
      </Unit>
      <Unit filename="/Users/Arthur18/Documents/UGR-GII/4toCurso/TFG-AdvancedMetaheuristicsForBigOpt/UGR-GII-TFG/Algorithms-ELSGO/MOS-SOCO2010/gaeda/genomes/MOSGenome.h">
         <Option target="gaeda"/>
      </Unit>
      <Unit filename="/Users/Arthur18/Documents/UGR-GII/4toCurso/TFG-AdvancedMetaheuristicsForBigOpt/UGR-GII-TFG/Algorithms-ELSGO/MOS-SOCO2010/gaeda/islands/CommManager.cc">
         <Option target="gaeda"/>
      </Unit>
      <Unit filename="/Users/Arthur18/Documents/UGR-GII/4toCurso/TFG-AdvancedMetaheuristicsForBigOpt/UGR-GII-TFG/Algorithms-ELSGO/MOS-SOCO2010/gaeda/islands/CommManager.h">
         <Option target="gaeda"/>
      </Unit>
      <Unit filename="/Users/Arthur18/Documents/UGR-GII/4toCurso/TFG-AdvancedMetaheuristicsForBigOpt/UGR-GII-TFG/Algorithms-ELSGO/MOS-SOCO2010/gaeda/logger/CollectionLogStat.cc">
         <Option target="gaeda"/>
      </Unit>
      <Unit filename="/Users/Arthur18/Documents/UGR-GII/4toCurso/TFG-AdvancedMetaheuristicsForBigOpt/UGR-GII-TFG/Algorithms-ELSGO/MOS-SOCO2010/gaeda/logger/CollectionLogStat.h">
         <Option target="gaeda"/>
      </Unit>
      <Unit filename="/Users/Arthur18/Documents/UGR-GII/4toCurso/TFG-AdvancedMetaheuristicsForBigOpt/UGR-GII-TFG/Algorithms-ELSGO/MOS-SOCO2010/gaeda/logger/GAFileLogger.cc">
         <Option target="gaeda"/>
      </Unit>
      <Unit filename="/Users/Arthur18/Documents/UGR-GII/4toCurso/TFG-AdvancedMetaheuristicsForBigOpt/UGR-GII-TFG/Algorithms-ELSGO/MOS-SOCO2010/gaeda/logger/GAFileLogger.h">
         <Option target="gaeda"/>
      </Unit>
      <Unit filename="/Users/Arthur18/Documents/UGR-GII/4toCurso/TFG-AdvancedMetaheuristicsForBigOpt/UGR-GII-TFG/Algorithms-ELSGO/MOS-SOCO2010/gaeda/logger/GALogger.cc">
         <Option target="gaeda"/>
      </Unit>
      <Unit filename="/Users/Arthur18/Documents/UGR-GII/4toCurso/TFG-AdvancedMetaheuristicsForBigOpt/UGR-GII-TFG/Algorithms-ELSGO/MOS-SOCO2010/gaeda/logger/GALogger.h">
         <Option target="gaeda"/>
      </Unit>
      <Unit filename="/Users/Arthur18/Documents/UGR-GII/4toCurso/TFG-AdvancedMetaheuristicsForBigOpt/UGR-GII-TFG/Algorithms-ELSGO/MOS-SOCO2010/gaeda/logger/GANullLogger.cc">
         <Option target="gaeda"/>
      </Unit>
      <Unit filename="/Users/Arthur18/Documents/UGR-GII/4toCurso/TFG-AdvancedMetaheuristicsForBigOpt/UGR-GII-TFG/Algorithms-ELSGO/MOS-SOCO2010/gaeda/logger/GANullLogger.h">
         <Option target="gaeda"/>
      </Unit>
      <Unit filename="/Users/Arthur18/Documents/UGR-GII/4toCurso/TFG-AdvancedMetaheuristicsForBigOpt/UGR-GII-TFG/Algorithms-ELSGO/MOS-SOCO2010/gaeda/logger/ImprovementsLogStat.cc">
         <Option target="gaeda"/>
      </Unit>
      <Unit filename="/Users/Arthur18/Documents/UGR-GII/4toCurso/TFG-AdvancedMetaheuristicsForBigOpt/UGR-GII-TFG/Algorithms-ELSGO/MOS-SOCO2010/gaeda/logger/ImprovementsLogStat.h">
         <Option target="gaeda"/>
      </Unit>
      <Unit filename="/Users/Arthur18/Documents/UGR-GII/4toCurso/TFG-AdvancedMetaheuristicsForBigOpt/UGR-GII-TFG/Algorithms-ELSGO/MOS-SOCO2010/gaeda/logger/ParticipationLogStat.cc">
         <Option target="gaeda"/>
      </Unit>
      <Unit filename="/Users/Arthur18/Documents/UGR-GII/4toCurso/TFG-AdvancedMetaheuristicsForBigOpt/UGR-GII-TFG/Algorithms-ELSGO/MOS-SOCO2010/gaeda/logger/ParticipationLogStat.h">
         <Option target="gaeda"/>
      </Unit>
      <Unit filename="/Users/Arthur18/Documents/UGR-GII/4toCurso/TFG-AdvancedMetaheuristicsForBigOpt/UGR-GII-TFG/Algorithms-ELSGO/MOS-SOCO2010/gaeda/logger/QualityLogStat.cc">
         <Option target="gaeda"/>
      </Unit>
      <Unit filename="/Users/Arthur18/Documents/UGR-GII/4toCurso/TFG-AdvancedMetaheuristicsForBigOpt/UGR-GII-TFG/Algorithms-ELSGO/MOS-SOCO2010/gaeda/logger/QualityLogStat.h">
         <Option target="gaeda"/>
      </Unit>
      <Unit filename="/Users/Arthur18/Documents/UGR-GII/4toCurso/TFG-AdvancedMetaheuristicsForBigOpt/UGR-GII-TFG/Algorithms-ELSGO/MOS-SOCO2010/gaeda/logger/SetLogStat.cc">
         <Option target="gaeda"/>
      </Unit>
      <Unit filename="/Users/Arthur18/Documents/UGR-GII/4toCurso/TFG-AdvancedMetaheuristicsForBigOpt/UGR-GII-TFG/Algorithms-ELSGO/MOS-SOCO2010/gaeda/logger/SetLogStat.h">
         <Option target="gaeda"/>
      </Unit>
      <Unit filename="/Users/Arthur18/Documents/UGR-GII/4toCurso/TFG-AdvancedMetaheuristicsForBigOpt/UGR-GII-TFG/Algorithms-ELSGO/MOS-SOCO2010/gaeda/logger/SingleLogStat.cc">
         <Option target="gaeda"/>
      </Unit>
      <Unit filename="/Users/Arthur18/Documents/UGR-GII/4toCurso/TFG-AdvancedMetaheuristicsForBigOpt/UGR-GII-TFG/Algorithms-ELSGO/MOS-SOCO2010/gaeda/logger/SingleLogStat.h">
         <Option target="gaeda"/>
      </Unit>
      <Unit filename="/Users/Arthur18/Documents/UGR-GII/4toCurso/TFG-AdvancedMetaheuristicsForBigOpt/UGR-GII-TFG/Algorithms-ELSGO/MOS-SOCO2010/gaeda/quicksort.c">
         <Option target="gaeda"/>
      </Unit>
      <Unit filename="/Users/Arthur18/Documents/UGR-GII/4toCurso/TFG-AdvancedMetaheuristicsForBigOpt/UGR-GII-TFG/Algorithms-ELSGO/MOS-SOCO2010/gaeda/quicksort.h">
         <Option target="gaeda"/>
      </Unit>
      <Unit filename="/Users/Arthur18/Documents/UGR-GII/4toCurso/TFG-AdvancedMetaheuristicsForBigOpt/UGR-GII-TFG/Algorithms-ELSGO/MOS-SOCO2010/CMakeLists.txt">
          <Option virtualFolder="CMake Files\" />
      </Unit>
      <Unit filename="/Users/Arthur18/Documents/UGR-GII/4toCurso/TFG-AdvancedMetaheuristicsForBigOpt/UGR-GII-TFG/Algorithms-ELSGO/MOS-SOCO2010/gaeda/CMakeLists.txt">
          <Option virtualFolder="CMake Files\gaeda\" />
      </Unit>
      <Unit filename="/Users/Arthur18/Documents/UGR-GII/4toCurso/TFG-AdvancedMetaheuristicsForBigOpt/UGR-GII-TFG/Algorithms-ELSGO/MOS-SOCO2010/gaeda/CMakeLists.txt">
          <Option virtualFolder="CMake Files\gaeda\" />
      </Unit>
      <Unit filename="/Users/Arthur18/Documents/UGR-GII/4toCurso/TFG-AdvancedMetaheuristicsForBigOpt/UGR-GII-TFG/Algorithms-ELSGO/MOS-SOCO2010/gaedaexec/CMakeLists.txt">
          <Option virtualFolder="CMake Files\gaedaexec\" />
      </Unit>
      <Unit filename="/Users/Arthur18/Documents/UGR-GII/4toCurso/TFG-AdvancedMetaheuristicsForBigOpt/UGR-GII-TFG/Algorithms-ELSGO/MOS-SOCO2010/gaedaexec/CMakeLists.txt">
          <Option virtualFolder="CMake Files\gaedaexec\" />
      </Unit>
      <Unit filename="/Users/Arthur18/Documents/UGR-GII/4toCurso/TFG-AdvancedMetaheuristicsForBigOpt/UGR-GII-TFG/Algorithms-ELSGO/MOS-SOCO2010/soco2010/CMakeLists.txt">
          <Option virtualFolder="CMake Files\soco2010\" />
      </Unit>
      <Unit filename="/Users/Arthur18/Documents/UGR-GII/4toCurso/TFG-AdvancedMetaheuristicsForBigOpt/UGR-GII-TFG/Algorithms-ELSGO/MOS-SOCO2010/soco2010/CMakeLists.txt">
          <Option virtualFolder="CMake Files\soco2010\" />
      </Unit>
   </Project>
</CodeBlocks_project_file>
