<?xml version="1.0" encoding="UTF-8"?>
<CodeBlocks_project_file>
	<FileVersion major="1" minor="6"/>
	<Project>
		<Option title="GAEDALib"/>
		<Option makefile_is_custom="1"/>
		<Option compiler="clang"/>
		<Option virtualFolders="CMake Files\;CMake Files\gaeda\;CMake Files\gaedaexec\;CMake Files\problems\;CMake Files\problems\EEG_BigOpt\;CMake Files\utils\;"/>
		<Build>
			<Target title="all">
				<Option working_dir="/Users/Arthur18/Documents/UGR-GII/4toCurso/TFG-AdvancedMetaheuristicsForBigOpt/UGR-GII-TFG/Algorithms-ELSGO/MOS_CEC2013/src"/>
				<Option type="4"/>
				<MakeCommands>
					<Build command="/usr/bin/make -j4 -f &quot;/Users/Arthur18/Documents/UGR-GII/4toCurso/TFG-AdvancedMetaheuristicsForBigOpt/UGR-GII-TFG/Algorithms-ELSGO/MOS_CEC2013/src/Makefile&quot;  VERBOSE=1 all"/>
					<CompileFile command="/usr/bin/make -j4 -f &quot;/Users/Arthur18/Documents/UGR-GII/4toCurso/TFG-AdvancedMetaheuristicsForBigOpt/UGR-GII-TFG/Algorithms-ELSGO/MOS_CEC2013/src/Makefile&quot;  VERBOSE=1 &quot;$file&quot;"/>
					<Clean command="/usr/bin/make -j4 -f &quot;/Users/Arthur18/Documents/UGR-GII/4toCurso/TFG-AdvancedMetaheuristicsForBigOpt/UGR-GII-TFG/Algorithms-ELSGO/MOS_CEC2013/src/Makefile&quot;  VERBOSE=1 clean"/>
					<DistClean command="/usr/bin/make -j4 -f &quot;/Users/Arthur18/Documents/UGR-GII/4toCurso/TFG-AdvancedMetaheuristicsForBigOpt/UGR-GII-TFG/Algorithms-ELSGO/MOS_CEC2013/src/Makefile&quot;  VERBOSE=1 clean"/>
				</MakeCommands>
			</Target>
			<Target title="rebuild_cache">
				<Option working_dir="/Users/Arthur18/Documents/UGR-GII/4toCurso/TFG-AdvancedMetaheuristicsForBigOpt/UGR-GII-TFG/Algorithms-ELSGO/MOS_CEC2013/src"/>
				<Option type="4"/>
				<MakeCommands>
					<Build command="/usr/bin/make -j4 -f &quot;/Users/Arthur18/Documents/UGR-GII/4toCurso/TFG-AdvancedMetaheuristicsForBigOpt/UGR-GII-TFG/Algorithms-ELSGO/MOS_CEC2013/src/Makefile&quot;  VERBOSE=1 rebuild_cache"/>
					<CompileFile command="/usr/bin/make -j4 -f &quot;/Users/Arthur18/Documents/UGR-GII/4toCurso/TFG-AdvancedMetaheuristicsForBigOpt/UGR-GII-TFG/Algorithms-ELSGO/MOS_CEC2013/src/Makefile&quot;  VERBOSE=1 &quot;$file&quot;"/>
					<Clean command="/usr/bin/make -j4 -f &quot;/Users/Arthur18/Documents/UGR-GII/4toCurso/TFG-AdvancedMetaheuristicsForBigOpt/UGR-GII-TFG/Algorithms-ELSGO/MOS_CEC2013/src/Makefile&quot;  VERBOSE=1 clean"/>
					<DistClean command="/usr/bin/make -j4 -f &quot;/Users/Arthur18/Documents/UGR-GII/4toCurso/TFG-AdvancedMetaheuristicsForBigOpt/UGR-GII-TFG/Algorithms-ELSGO/MOS_CEC2013/src/Makefile&quot;  VERBOSE=1 clean"/>
				</MakeCommands>
			</Target>
			<Target title="edit_cache">
				<Option working_dir="/Users/Arthur18/Documents/UGR-GII/4toCurso/TFG-AdvancedMetaheuristicsForBigOpt/UGR-GII-TFG/Algorithms-ELSGO/MOS_CEC2013/src"/>
				<Option type="4"/>
				<MakeCommands>
					<Build command="/usr/bin/make -j4 -f &quot;/Users/Arthur18/Documents/UGR-GII/4toCurso/TFG-AdvancedMetaheuristicsForBigOpt/UGR-GII-TFG/Algorithms-ELSGO/MOS_CEC2013/src/Makefile&quot;  VERBOSE=1 edit_cache"/>
					<CompileFile command="/usr/bin/make -j4 -f &quot;/Users/Arthur18/Documents/UGR-GII/4toCurso/TFG-AdvancedMetaheuristicsForBigOpt/UGR-GII-TFG/Algorithms-ELSGO/MOS_CEC2013/src/Makefile&quot;  VERBOSE=1 &quot;$file&quot;"/>
					<Clean command="/usr/bin/make -j4 -f &quot;/Users/Arthur18/Documents/UGR-GII/4toCurso/TFG-AdvancedMetaheuristicsForBigOpt/UGR-GII-TFG/Algorithms-ELSGO/MOS_CEC2013/src/Makefile&quot;  VERBOSE=1 clean"/>
					<DistClean command="/usr/bin/make -j4 -f &quot;/Users/Arthur18/Documents/UGR-GII/4toCurso/TFG-AdvancedMetaheuristicsForBigOpt/UGR-GII-TFG/Algorithms-ELSGO/MOS_CEC2013/src/Makefile&quot;  VERBOSE=1 clean"/>
				</MakeCommands>
			</Target>
			<Target title="gaeda">
				<Option output="/Users/Arthur18/Documents/UGR-GII/4toCurso/TFG-AdvancedMetaheuristicsForBigOpt/UGR-GII-TFG/Algorithms-ELSGO/MOS_CEC2013/src/gaeda/libgaeda.so" prefix_auto="0" extension_auto="0"/>
				<Option working_dir="/Users/Arthur18/Documents/UGR-GII/4toCurso/TFG-AdvancedMetaheuristicsForBigOpt/UGR-GII-TFG/Algorithms-ELSGO/MOS_CEC2013/src/gaeda"/>
				<Option object_output="./"/>
				<Option type="3"/>
				<Option compiler="clang"/>
				<Compiler>
					<Add directory="/usr/local/include"/>
					<Add directory="/Library/Developer/CommandLineTools/usr/include/c++/v1"/>
					<Add directory="/Library/Developer/CommandLineTools/usr/lib/clang/10.0.0/include"/>
					<Add directory="/Library/Developer/CommandLineTools/usr/include"/>
					<Add directory="/usr/include"/>
					<Add directory="/System/Library/Frameworks"/>
					<Add directory="/Library/Frameworks"/>
				</Compiler>
				<MakeCommands>
					<Build command="/usr/bin/make -j4 -f &quot;/Users/Arthur18/Documents/UGR-GII/4toCurso/TFG-AdvancedMetaheuristicsForBigOpt/UGR-GII-TFG/Algorithms-ELSGO/MOS_CEC2013/src/gaeda/Makefile&quot;  VERBOSE=1 gaeda"/>
					<CompileFile command="/usr/bin/make -j4 -f &quot;/Users/Arthur18/Documents/UGR-GII/4toCurso/TFG-AdvancedMetaheuristicsForBigOpt/UGR-GII-TFG/Algorithms-ELSGO/MOS_CEC2013/src/gaeda/Makefile&quot;  VERBOSE=1 &quot;$file&quot;"/>
					<Clean command="/usr/bin/make -j4 -f &quot;/Users/Arthur18/Documents/UGR-GII/4toCurso/TFG-AdvancedMetaheuristicsForBigOpt/UGR-GII-TFG/Algorithms-ELSGO/MOS_CEC2013/src/gaeda/Makefile&quot;  VERBOSE=1 clean"/>
					<DistClean command="/usr/bin/make -j4 -f &quot;/Users/Arthur18/Documents/UGR-GII/4toCurso/TFG-AdvancedMetaheuristicsForBigOpt/UGR-GII-TFG/Algorithms-ELSGO/MOS_CEC2013/src/gaeda/Makefile&quot;  VERBOSE=1 clean"/>
				</MakeCommands>
			</Target>
			<Target title="gaeda/fast">
				<Option output="/Users/Arthur18/Documents/UGR-GII/4toCurso/TFG-AdvancedMetaheuristicsForBigOpt/UGR-GII-TFG/Algorithms-ELSGO/MOS_CEC2013/src/gaeda/libgaeda.so" prefix_auto="0" extension_auto="0"/>
				<Option working_dir="/Users/Arthur18/Documents/UGR-GII/4toCurso/TFG-AdvancedMetaheuristicsForBigOpt/UGR-GII-TFG/Algorithms-ELSGO/MOS_CEC2013/src/gaeda"/>
				<Option object_output="./"/>
				<Option type="3"/>
				<Option compiler="clang"/>
				<Compiler>
					<Add directory="/usr/local/include"/>
					<Add directory="/Library/Developer/CommandLineTools/usr/include/c++/v1"/>
					<Add directory="/Library/Developer/CommandLineTools/usr/lib/clang/10.0.0/include"/>
					<Add directory="/Library/Developer/CommandLineTools/usr/include"/>
					<Add directory="/usr/include"/>
					<Add directory="/System/Library/Frameworks"/>
					<Add directory="/Library/Frameworks"/>
				</Compiler>
				<MakeCommands>
					<Build command="/usr/bin/make -j4 -f &quot;/Users/Arthur18/Documents/UGR-GII/4toCurso/TFG-AdvancedMetaheuristicsForBigOpt/UGR-GII-TFG/Algorithms-ELSGO/MOS_CEC2013/src/gaeda/Makefile&quot;  VERBOSE=1 gaeda/fast"/>
					<CompileFile command="/usr/bin/make -j4 -f &quot;/Users/Arthur18/Documents/UGR-GII/4toCurso/TFG-AdvancedMetaheuristicsForBigOpt/UGR-GII-TFG/Algorithms-ELSGO/MOS_CEC2013/src/gaeda/Makefile&quot;  VERBOSE=1 &quot;$file&quot;"/>
					<Clean command="/usr/bin/make -j4 -f &quot;/Users/Arthur18/Documents/UGR-GII/4toCurso/TFG-AdvancedMetaheuristicsForBigOpt/UGR-GII-TFG/Algorithms-ELSGO/MOS_CEC2013/src/gaeda/Makefile&quot;  VERBOSE=1 clean"/>
					<DistClean command="/usr/bin/make -j4 -f &quot;/Users/Arthur18/Documents/UGR-GII/4toCurso/TFG-AdvancedMetaheuristicsForBigOpt/UGR-GII-TFG/Algorithms-ELSGO/MOS_CEC2013/src/gaeda/Makefile&quot;  VERBOSE=1 clean"/>
				</MakeCommands>
			</Target>
			<Target title="gaedaexec">
				<Option output="/Users/Arthur18/Documents/UGR-GII/4toCurso/TFG-AdvancedMetaheuristicsForBigOpt/UGR-GII-TFG/Algorithms-ELSGO/MOS_CEC2013/src/gaedaexec/gaedaexec" prefix_auto="0" extension_auto="0"/>
				<Option working_dir="/Users/Arthur18/Documents/UGR-GII/4toCurso/TFG-AdvancedMetaheuristicsForBigOpt/UGR-GII-TFG/Algorithms-ELSGO/MOS_CEC2013/src/gaedaexec"/>
				<Option object_output="./"/>
				<Option type="1"/>
				<Option compiler="clang"/>
				<Compiler>
					<Add directory="/usr/local/include"/>
					<Add directory="/Users/Arthur18/Documents/UGR-GII/4toCurso/TFG-AdvancedMetaheuristicsForBigOpt/UGR-GII-TFG/Algorithms-ELSGO/MOS_CEC2013/src/gaeda"/>
					<Add directory="/Library/Developer/CommandLineTools/usr/include/c++/v1"/>
					<Add directory="/Library/Developer/CommandLineTools/usr/lib/clang/10.0.0/include"/>
					<Add directory="/Library/Developer/CommandLineTools/usr/include"/>
					<Add directory="/usr/include"/>
					<Add directory="/System/Library/Frameworks"/>
					<Add directory="/Library/Frameworks"/>
				</Compiler>
				<MakeCommands>
					<Build command="/usr/bin/make -j4 -f &quot;/Users/Arthur18/Documents/UGR-GII/4toCurso/TFG-AdvancedMetaheuristicsForBigOpt/UGR-GII-TFG/Algorithms-ELSGO/MOS_CEC2013/src/gaedaexec/Makefile&quot;  VERBOSE=1 gaedaexec"/>
					<CompileFile command="/usr/bin/make -j4 -f &quot;/Users/Arthur18/Documents/UGR-GII/4toCurso/TFG-AdvancedMetaheuristicsForBigOpt/UGR-GII-TFG/Algorithms-ELSGO/MOS_CEC2013/src/gaedaexec/Makefile&quot;  VERBOSE=1 &quot;$file&quot;"/>
					<Clean command="/usr/bin/make -j4 -f &quot;/Users/Arthur18/Documents/UGR-GII/4toCurso/TFG-AdvancedMetaheuristicsForBigOpt/UGR-GII-TFG/Algorithms-ELSGO/MOS_CEC2013/src/gaedaexec/Makefile&quot;  VERBOSE=1 clean"/>
					<DistClean command="/usr/bin/make -j4 -f &quot;/Users/Arthur18/Documents/UGR-GII/4toCurso/TFG-AdvancedMetaheuristicsForBigOpt/UGR-GII-TFG/Algorithms-ELSGO/MOS_CEC2013/src/gaedaexec/Makefile&quot;  VERBOSE=1 clean"/>
				</MakeCommands>
			</Target>
			<Target title="gaedaexec/fast">
				<Option output="/Users/Arthur18/Documents/UGR-GII/4toCurso/TFG-AdvancedMetaheuristicsForBigOpt/UGR-GII-TFG/Algorithms-ELSGO/MOS_CEC2013/src/gaedaexec/gaedaexec" prefix_auto="0" extension_auto="0"/>
				<Option working_dir="/Users/Arthur18/Documents/UGR-GII/4toCurso/TFG-AdvancedMetaheuristicsForBigOpt/UGR-GII-TFG/Algorithms-ELSGO/MOS_CEC2013/src/gaedaexec"/>
				<Option object_output="./"/>
				<Option type="1"/>
				<Option compiler="clang"/>
				<Compiler>
					<Add directory="/usr/local/include"/>
					<Add directory="/Users/Arthur18/Documents/UGR-GII/4toCurso/TFG-AdvancedMetaheuristicsForBigOpt/UGR-GII-TFG/Algorithms-ELSGO/MOS_CEC2013/src/gaeda"/>
					<Add directory="/Library/Developer/CommandLineTools/usr/include/c++/v1"/>
					<Add directory="/Library/Developer/CommandLineTools/usr/lib/clang/10.0.0/include"/>
					<Add directory="/Library/Developer/CommandLineTools/usr/include"/>
					<Add directory="/usr/include"/>
					<Add directory="/System/Library/Frameworks"/>
					<Add directory="/Library/Frameworks"/>
				</Compiler>
				<MakeCommands>
					<Build command="/usr/bin/make -j4 -f &quot;/Users/Arthur18/Documents/UGR-GII/4toCurso/TFG-AdvancedMetaheuristicsForBigOpt/UGR-GII-TFG/Algorithms-ELSGO/MOS_CEC2013/src/gaedaexec/Makefile&quot;  VERBOSE=1 gaedaexec/fast"/>
					<CompileFile command="/usr/bin/make -j4 -f &quot;/Users/Arthur18/Documents/UGR-GII/4toCurso/TFG-AdvancedMetaheuristicsForBigOpt/UGR-GII-TFG/Algorithms-ELSGO/MOS_CEC2013/src/gaedaexec/Makefile&quot;  VERBOSE=1 &quot;$file&quot;"/>
					<Clean command="/usr/bin/make -j4 -f &quot;/Users/Arthur18/Documents/UGR-GII/4toCurso/TFG-AdvancedMetaheuristicsForBigOpt/UGR-GII-TFG/Algorithms-ELSGO/MOS_CEC2013/src/gaedaexec/Makefile&quot;  VERBOSE=1 clean"/>
					<DistClean command="/usr/bin/make -j4 -f &quot;/Users/Arthur18/Documents/UGR-GII/4toCurso/TFG-AdvancedMetaheuristicsForBigOpt/UGR-GII-TFG/Algorithms-ELSGO/MOS_CEC2013/src/gaedaexec/Makefile&quot;  VERBOSE=1 clean"/>
				</MakeCommands>
			</Target>
			<Target title="eeg_problem">
				<Option output="/Users/Arthur18/Documents/UGR-GII/4toCurso/TFG-AdvancedMetaheuristicsForBigOpt/UGR-GII-TFG/Algorithms-ELSGO/MOS_CEC2013/src/problems/EEG_BigOpt/libeeg_problem.so" prefix_auto="0" extension_auto="0"/>
				<Option working_dir="/Users/Arthur18/Documents/UGR-GII/4toCurso/TFG-AdvancedMetaheuristicsForBigOpt/UGR-GII-TFG/Algorithms-ELSGO/MOS_CEC2013/src/problems/EEG_BigOpt"/>
				<Option object_output="./"/>
				<Option type="3"/>
				<Option compiler="clang"/>
				<Compiler>
					<Add directory="/Users/Arthur18/Documents/UGR-GII/4toCurso/TFG-AdvancedMetaheuristicsForBigOpt/UGR-GII-TFG/Algorithms-ELSGO/MOS_CEC2013/src/gaeda"/>
					<Add directory="/Library/Developer/CommandLineTools/usr/include/c++/v1"/>
					<Add directory="/usr/local/include"/>
					<Add directory="/Library/Developer/CommandLineTools/usr/lib/clang/10.0.0/include"/>
					<Add directory="/Library/Developer/CommandLineTools/usr/include"/>
					<Add directory="/usr/include"/>
					<Add directory="/System/Library/Frameworks"/>
					<Add directory="/Library/Frameworks"/>
				</Compiler>
				<MakeCommands>
					<Build command="/usr/bin/make -j4 -f &quot;/Users/Arthur18/Documents/UGR-GII/4toCurso/TFG-AdvancedMetaheuristicsForBigOpt/UGR-GII-TFG/Algorithms-ELSGO/MOS_CEC2013/src/problems/EEG_BigOpt/Makefile&quot;  VERBOSE=1 eeg_problem"/>
					<CompileFile command="/usr/bin/make -j4 -f &quot;/Users/Arthur18/Documents/UGR-GII/4toCurso/TFG-AdvancedMetaheuristicsForBigOpt/UGR-GII-TFG/Algorithms-ELSGO/MOS_CEC2013/src/problems/EEG_BigOpt/Makefile&quot;  VERBOSE=1 &quot;$file&quot;"/>
					<Clean command="/usr/bin/make -j4 -f &quot;/Users/Arthur18/Documents/UGR-GII/4toCurso/TFG-AdvancedMetaheuristicsForBigOpt/UGR-GII-TFG/Algorithms-ELSGO/MOS_CEC2013/src/problems/EEG_BigOpt/Makefile&quot;  VERBOSE=1 clean"/>
					<DistClean command="/usr/bin/make -j4 -f &quot;/Users/Arthur18/Documents/UGR-GII/4toCurso/TFG-AdvancedMetaheuristicsForBigOpt/UGR-GII-TFG/Algorithms-ELSGO/MOS_CEC2013/src/problems/EEG_BigOpt/Makefile&quot;  VERBOSE=1 clean"/>
				</MakeCommands>
			</Target>
			<Target title="eeg_problem/fast">
				<Option output="/Users/Arthur18/Documents/UGR-GII/4toCurso/TFG-AdvancedMetaheuristicsForBigOpt/UGR-GII-TFG/Algorithms-ELSGO/MOS_CEC2013/src/problems/EEG_BigOpt/libeeg_problem.so" prefix_auto="0" extension_auto="0"/>
				<Option working_dir="/Users/Arthur18/Documents/UGR-GII/4toCurso/TFG-AdvancedMetaheuristicsForBigOpt/UGR-GII-TFG/Algorithms-ELSGO/MOS_CEC2013/src/problems/EEG_BigOpt"/>
				<Option object_output="./"/>
				<Option type="3"/>
				<Option compiler="clang"/>
				<Compiler>
					<Add directory="/Users/Arthur18/Documents/UGR-GII/4toCurso/TFG-AdvancedMetaheuristicsForBigOpt/UGR-GII-TFG/Algorithms-ELSGO/MOS_CEC2013/src/gaeda"/>
					<Add directory="/Library/Developer/CommandLineTools/usr/include/c++/v1"/>
					<Add directory="/usr/local/include"/>
					<Add directory="/Library/Developer/CommandLineTools/usr/lib/clang/10.0.0/include"/>
					<Add directory="/Library/Developer/CommandLineTools/usr/include"/>
					<Add directory="/usr/include"/>
					<Add directory="/System/Library/Frameworks"/>
					<Add directory="/Library/Frameworks"/>
				</Compiler>
				<MakeCommands>
					<Build command="/usr/bin/make -j4 -f &quot;/Users/Arthur18/Documents/UGR-GII/4toCurso/TFG-AdvancedMetaheuristicsForBigOpt/UGR-GII-TFG/Algorithms-ELSGO/MOS_CEC2013/src/problems/EEG_BigOpt/Makefile&quot;  VERBOSE=1 eeg_problem/fast"/>
					<CompileFile command="/usr/bin/make -j4 -f &quot;/Users/Arthur18/Documents/UGR-GII/4toCurso/TFG-AdvancedMetaheuristicsForBigOpt/UGR-GII-TFG/Algorithms-ELSGO/MOS_CEC2013/src/problems/EEG_BigOpt/Makefile&quot;  VERBOSE=1 &quot;$file&quot;"/>
					<Clean command="/usr/bin/make -j4 -f &quot;/Users/Arthur18/Documents/UGR-GII/4toCurso/TFG-AdvancedMetaheuristicsForBigOpt/UGR-GII-TFG/Algorithms-ELSGO/MOS_CEC2013/src/problems/EEG_BigOpt/Makefile&quot;  VERBOSE=1 clean"/>
					<DistClean command="/usr/bin/make -j4 -f &quot;/Users/Arthur18/Documents/UGR-GII/4toCurso/TFG-AdvancedMetaheuristicsForBigOpt/UGR-GII-TFG/Algorithms-ELSGO/MOS_CEC2013/src/problems/EEG_BigOpt/Makefile&quot;  VERBOSE=1 clean"/>
				</MakeCommands>
			</Target>
			<Target title="genealogy">
				<Option output="/Users/Arthur18/Documents/UGR-GII/4toCurso/TFG-AdvancedMetaheuristicsForBigOpt/UGR-GII-TFG/Algorithms-ELSGO/MOS_CEC2013/src/utils/genealogy" prefix_auto="0" extension_auto="0"/>
				<Option working_dir="/Users/Arthur18/Documents/UGR-GII/4toCurso/TFG-AdvancedMetaheuristicsForBigOpt/UGR-GII-TFG/Algorithms-ELSGO/MOS_CEC2013/src/utils"/>
				<Option object_output="./"/>
				<Option type="1"/>
				<Option compiler="clang"/>
				<Compiler>
					<Add directory="/usr/local/include"/>
					<Add directory="/Library/Developer/CommandLineTools/usr/include/c++/v1"/>
					<Add directory="/Library/Developer/CommandLineTools/usr/lib/clang/10.0.0/include"/>
					<Add directory="/Library/Developer/CommandLineTools/usr/include"/>
					<Add directory="/usr/include"/>
					<Add directory="/System/Library/Frameworks"/>
					<Add directory="/Library/Frameworks"/>
				</Compiler>
				<MakeCommands>
					<Build command="/usr/bin/make -j4 -f &quot;/Users/Arthur18/Documents/UGR-GII/4toCurso/TFG-AdvancedMetaheuristicsForBigOpt/UGR-GII-TFG/Algorithms-ELSGO/MOS_CEC2013/src/utils/Makefile&quot;  VERBOSE=1 genealogy"/>
					<CompileFile command="/usr/bin/make -j4 -f &quot;/Users/Arthur18/Documents/UGR-GII/4toCurso/TFG-AdvancedMetaheuristicsForBigOpt/UGR-GII-TFG/Algorithms-ELSGO/MOS_CEC2013/src/utils/Makefile&quot;  VERBOSE=1 &quot;$file&quot;"/>
					<Clean command="/usr/bin/make -j4 -f &quot;/Users/Arthur18/Documents/UGR-GII/4toCurso/TFG-AdvancedMetaheuristicsForBigOpt/UGR-GII-TFG/Algorithms-ELSGO/MOS_CEC2013/src/utils/Makefile&quot;  VERBOSE=1 clean"/>
					<DistClean command="/usr/bin/make -j4 -f &quot;/Users/Arthur18/Documents/UGR-GII/4toCurso/TFG-AdvancedMetaheuristicsForBigOpt/UGR-GII-TFG/Algorithms-ELSGO/MOS_CEC2013/src/utils/Makefile&quot;  VERBOSE=1 clean"/>
				</MakeCommands>
			</Target>
			<Target title="genealogy/fast">
				<Option output="/Users/Arthur18/Documents/UGR-GII/4toCurso/TFG-AdvancedMetaheuristicsForBigOpt/UGR-GII-TFG/Algorithms-ELSGO/MOS_CEC2013/src/utils/genealogy" prefix_auto="0" extension_auto="0"/>
				<Option working_dir="/Users/Arthur18/Documents/UGR-GII/4toCurso/TFG-AdvancedMetaheuristicsForBigOpt/UGR-GII-TFG/Algorithms-ELSGO/MOS_CEC2013/src/utils"/>
				<Option object_output="./"/>
				<Option type="1"/>
				<Option compiler="clang"/>
				<Compiler>
					<Add directory="/usr/local/include"/>
					<Add directory="/Library/Developer/CommandLineTools/usr/include/c++/v1"/>
					<Add directory="/Library/Developer/CommandLineTools/usr/lib/clang/10.0.0/include"/>
					<Add directory="/Library/Developer/CommandLineTools/usr/include"/>
					<Add directory="/usr/include"/>
					<Add directory="/System/Library/Frameworks"/>
					<Add directory="/Library/Frameworks"/>
				</Compiler>
				<MakeCommands>
					<Build command="/usr/bin/make -j4 -f &quot;/Users/Arthur18/Documents/UGR-GII/4toCurso/TFG-AdvancedMetaheuristicsForBigOpt/UGR-GII-TFG/Algorithms-ELSGO/MOS_CEC2013/src/utils/Makefile&quot;  VERBOSE=1 genealogy/fast"/>
					<CompileFile command="/usr/bin/make -j4 -f &quot;/Users/Arthur18/Documents/UGR-GII/4toCurso/TFG-AdvancedMetaheuristicsForBigOpt/UGR-GII-TFG/Algorithms-ELSGO/MOS_CEC2013/src/utils/Makefile&quot;  VERBOSE=1 &quot;$file&quot;"/>
					<Clean command="/usr/bin/make -j4 -f &quot;/Users/Arthur18/Documents/UGR-GII/4toCurso/TFG-AdvancedMetaheuristicsForBigOpt/UGR-GII-TFG/Algorithms-ELSGO/MOS_CEC2013/src/utils/Makefile&quot;  VERBOSE=1 clean"/>
					<DistClean command="/usr/bin/make -j4 -f &quot;/Users/Arthur18/Documents/UGR-GII/4toCurso/TFG-AdvancedMetaheuristicsForBigOpt/UGR-GII-TFG/Algorithms-ELSGO/MOS_CEC2013/src/utils/Makefile&quot;  VERBOSE=1 clean"/>
				</MakeCommands>
			</Target>
		</Build>
		<Unit filename="/Users/Arthur18/Documents/UGR-GII/4toCurso/TFG-AdvancedMetaheuristicsForBigOpt/UGR-GII-TFG/Algorithms-ELSGO/MOS_CEC2013/src/gaeda/Algorithm.cc">
			<Option target="gaeda"/>
		</Unit>
		<Unit filename="/Users/Arthur18/Documents/UGR-GII/4toCurso/TFG-AdvancedMetaheuristicsForBigOpt/UGR-GII-TFG/Algorithms-ELSGO/MOS_CEC2013/src/gaeda/Algorithm.h">
			<Option target="gaeda"/>
		</Unit>
		<Unit filename="/Users/Arthur18/Documents/UGR-GII/4toCurso/TFG-AdvancedMetaheuristicsForBigOpt/UGR-GII-TFG/Algorithms-ELSGO/MOS_CEC2013/src/gaeda/ClassicElitism.cc">
			<Option target="gaeda"/>
		</Unit>
		<Unit filename="/Users/Arthur18/Documents/UGR-GII/4toCurso/TFG-AdvancedMetaheuristicsForBigOpt/UGR-GII-TFG/Algorithms-ELSGO/MOS_CEC2013/src/gaeda/ClassicElitism.h">
			<Option target="gaeda"/>
		</Unit>
		<Unit filename="/Users/Arthur18/Documents/UGR-GII/4toCurso/TFG-AdvancedMetaheuristicsForBigOpt/UGR-GII-TFG/Algorithms-ELSGO/MOS_CEC2013/src/gaeda/DE.cc">
			<Option target="gaeda"/>
		</Unit>
		<Unit filename="/Users/Arthur18/Documents/UGR-GII/4toCurso/TFG-AdvancedMetaheuristicsForBigOpt/UGR-GII-TFG/Algorithms-ELSGO/MOS_CEC2013/src/gaeda/DE.h">
			<Option target="gaeda"/>
		</Unit>
		<Unit filename="/Users/Arthur18/Documents/UGR-GII/4toCurso/TFG-AdvancedMetaheuristicsForBigOpt/UGR-GII-TFG/Algorithms-ELSGO/MOS_CEC2013/src/gaeda/DEElitism.cc">
			<Option target="gaeda"/>
		</Unit>
		<Unit filename="/Users/Arthur18/Documents/UGR-GII/4toCurso/TFG-AdvancedMetaheuristicsForBigOpt/UGR-GII-TFG/Algorithms-ELSGO/MOS_CEC2013/src/gaeda/DEElitism.h">
			<Option target="gaeda"/>
		</Unit>
		<Unit filename="/Users/Arthur18/Documents/UGR-GII/4toCurso/TFG-AdvancedMetaheuristicsForBigOpt/UGR-GII-TFG/Algorithms-ELSGO/MOS_CEC2013/src/gaeda/EvolutionStrategy.cc">
			<Option target="gaeda"/>
		</Unit>
		<Unit filename="/Users/Arthur18/Documents/UGR-GII/4toCurso/TFG-AdvancedMetaheuristicsForBigOpt/UGR-GII-TFG/Algorithms-ELSGO/MOS_CEC2013/src/gaeda/EvolutionStrategy.h">
			<Option target="gaeda"/>
		</Unit>
		<Unit filename="/Users/Arthur18/Documents/UGR-GII/4toCurso/TFG-AdvancedMetaheuristicsForBigOpt/UGR-GII-TFG/Algorithms-ELSGO/MOS_CEC2013/src/gaeda/GABayesianNetwork.cc">
			<Option target="gaeda"/>
		</Unit>
		<Unit filename="/Users/Arthur18/Documents/UGR-GII/4toCurso/TFG-AdvancedMetaheuristicsForBigOpt/UGR-GII-TFG/Algorithms-ELSGO/MOS_CEC2013/src/gaeda/GABayesianNetwork.h">
			<Option target="gaeda"/>
		</Unit>
		<Unit filename="/Users/Arthur18/Documents/UGR-GII/4toCurso/TFG-AdvancedMetaheuristicsForBigOpt/UGR-GII-TFG/Algorithms-ELSGO/MOS_CEC2013/src/gaeda/GADCrowdingGA.cc">
			<Option target="gaeda"/>
		</Unit>
		<Unit filename="/Users/Arthur18/Documents/UGR-GII/4toCurso/TFG-AdvancedMetaheuristicsForBigOpt/UGR-GII-TFG/Algorithms-ELSGO/MOS_CEC2013/src/gaeda/GADCrowdingGA.h">
			<Option target="gaeda"/>
		</Unit>
		<Unit filename="/Users/Arthur18/Documents/UGR-GII/4toCurso/TFG-AdvancedMetaheuristicsForBigOpt/UGR-GII-TFG/Algorithms-ELSGO/MOS_CEC2013/src/gaeda/GAEDAConfig.cc">
			<Option target="gaeda"/>
		</Unit>
		<Unit filename="/Users/Arthur18/Documents/UGR-GII/4toCurso/TFG-AdvancedMetaheuristicsForBigOpt/UGR-GII-TFG/Algorithms-ELSGO/MOS_CEC2013/src/gaeda/GAEDAConfig.h">
			<Option target="gaeda"/>
		</Unit>
		<Unit filename="/Users/Arthur18/Documents/UGR-GII/4toCurso/TFG-AdvancedMetaheuristicsForBigOpt/UGR-GII-TFG/Algorithms-ELSGO/MOS_CEC2013/src/gaeda/GAGaussianNetwork.cc">
			<Option target="gaeda"/>
		</Unit>
		<Unit filename="/Users/Arthur18/Documents/UGR-GII/4toCurso/TFG-AdvancedMetaheuristicsForBigOpt/UGR-GII-TFG/Algorithms-ELSGO/MOS_CEC2013/src/gaeda/GAGaussianNetwork.h">
			<Option target="gaeda"/>
		</Unit>
		<Unit filename="/Users/Arthur18/Documents/UGR-GII/4toCurso/TFG-AdvancedMetaheuristicsForBigOpt/UGR-GII-TFG/Algorithms-ELSGO/MOS_CEC2013/src/gaeda/GAGenealogy.cc">
			<Option target="gaeda"/>
		</Unit>
		<Unit filename="/Users/Arthur18/Documents/UGR-GII/4toCurso/TFG-AdvancedMetaheuristicsForBigOpt/UGR-GII-TFG/Algorithms-ELSGO/MOS_CEC2013/src/gaeda/GAGenealogy.h">
			<Option target="gaeda"/>
		</Unit>
		<Unit filename="/Users/Arthur18/Documents/UGR-GII/4toCurso/TFG-AdvancedMetaheuristicsForBigOpt/UGR-GII-TFG/Algorithms-ELSGO/MOS_CEC2013/src/gaeda/GAGenealogyMemory.cc">
			<Option target="gaeda"/>
		</Unit>
		<Unit filename="/Users/Arthur18/Documents/UGR-GII/4toCurso/TFG-AdvancedMetaheuristicsForBigOpt/UGR-GII-TFG/Algorithms-ELSGO/MOS_CEC2013/src/gaeda/GAGenealogyMemory.h">
			<Option target="gaeda"/>
		</Unit>
		<Unit filename="/Users/Arthur18/Documents/UGR-GII/4toCurso/TFG-AdvancedMetaheuristicsForBigOpt/UGR-GII-TFG/Algorithms-ELSGO/MOS_CEC2013/src/gaeda/GAGenealogyTracer.cc">
			<Option target="gaeda"/>
		</Unit>
		<Unit filename="/Users/Arthur18/Documents/UGR-GII/4toCurso/TFG-AdvancedMetaheuristicsForBigOpt/UGR-GII-TFG/Algorithms-ELSGO/MOS_CEC2013/src/gaeda/GAGenealogyTracer.h">
			<Option target="gaeda"/>
		</Unit>
		<Unit filename="/Users/Arthur18/Documents/UGR-GII/4toCurso/TFG-AdvancedMetaheuristicsForBigOpt/UGR-GII-TFG/Algorithms-ELSGO/MOS_CEC2013/src/gaeda/GAGeneticAlgorithm.cc">
			<Option target="gaeda"/>
		</Unit>
		<Unit filename="/Users/Arthur18/Documents/UGR-GII/4toCurso/TFG-AdvancedMetaheuristicsForBigOpt/UGR-GII-TFG/Algorithms-ELSGO/MOS_CEC2013/src/gaeda/GAGeneticAlgorithm.h">
			<Option target="gaeda"/>
		</Unit>
		<Unit filename="/Users/Arthur18/Documents/UGR-GII/4toCurso/TFG-AdvancedMetaheuristicsForBigOpt/UGR-GII-TFG/Algorithms-ELSGO/MOS_CEC2013/src/gaeda/GAGraphModel.cc">
			<Option target="gaeda"/>
		</Unit>
		<Unit filename="/Users/Arthur18/Documents/UGR-GII/4toCurso/TFG-AdvancedMetaheuristicsForBigOpt/UGR-GII-TFG/Algorithms-ELSGO/MOS_CEC2013/src/gaeda/GAGraphModel.h">
			<Option target="gaeda"/>
		</Unit>
		<Unit filename="/Users/Arthur18/Documents/UGR-GII/4toCurso/TFG-AdvancedMetaheuristicsForBigOpt/UGR-GII-TFG/Algorithms-ELSGO/MOS_CEC2013/src/gaeda/GAIncGA.cc">
			<Option target="gaeda"/>
		</Unit>
		<Unit filename="/Users/Arthur18/Documents/UGR-GII/4toCurso/TFG-AdvancedMetaheuristicsForBigOpt/UGR-GII-TFG/Algorithms-ELSGO/MOS_CEC2013/src/gaeda/GAIncGA.h">
			<Option target="gaeda"/>
		</Unit>
		<Unit filename="/Users/Arthur18/Documents/UGR-GII/4toCurso/TFG-AdvancedMetaheuristicsForBigOpt/UGR-GII-TFG/Algorithms-ELSGO/MOS_CEC2013/src/gaeda/GAIntOps.cc">
			<Option target="gaeda"/>
		</Unit>
		<Unit filename="/Users/Arthur18/Documents/UGR-GII/4toCurso/TFG-AdvancedMetaheuristicsForBigOpt/UGR-GII-TFG/Algorithms-ELSGO/MOS_CEC2013/src/gaeda/GAIntOps.h">
			<Option target="gaeda"/>
		</Unit>
		<Unit filename="/Users/Arthur18/Documents/UGR-GII/4toCurso/TFG-AdvancedMetaheuristicsForBigOpt/UGR-GII-TFG/Algorithms-ELSGO/MOS_CEC2013/src/gaeda/GAParameter.cc">
			<Option target="gaeda"/>
		</Unit>
		<Unit filename="/Users/Arthur18/Documents/UGR-GII/4toCurso/TFG-AdvancedMetaheuristicsForBigOpt/UGR-GII-TFG/Algorithms-ELSGO/MOS_CEC2013/src/gaeda/GAParameter.h">
			<Option target="gaeda"/>
		</Unit>
		<Unit filename="/Users/Arthur18/Documents/UGR-GII/4toCurso/TFG-AdvancedMetaheuristicsForBigOpt/UGR-GII-TFG/Algorithms-ELSGO/MOS_CEC2013/src/gaeda/GAPopulation.cc">
			<Option target="gaeda"/>
		</Unit>
		<Unit filename="/Users/Arthur18/Documents/UGR-GII/4toCurso/TFG-AdvancedMetaheuristicsForBigOpt/UGR-GII-TFG/Algorithms-ELSGO/MOS_CEC2013/src/gaeda/GAPopulation.h">
			<Option target="gaeda"/>
		</Unit>
		<Unit filename="/Users/Arthur18/Documents/UGR-GII/4toCurso/TFG-AdvancedMetaheuristicsForBigOpt/UGR-GII-TFG/Algorithms-ELSGO/MOS_CEC2013/src/gaeda/GARealOps.cc">
			<Option target="gaeda"/>
		</Unit>
		<Unit filename="/Users/Arthur18/Documents/UGR-GII/4toCurso/TFG-AdvancedMetaheuristicsForBigOpt/UGR-GII-TFG/Algorithms-ELSGO/MOS_CEC2013/src/gaeda/GARealOps.h">
			<Option target="gaeda"/>
		</Unit>
		<Unit filename="/Users/Arthur18/Documents/UGR-GII/4toCurso/TFG-AdvancedMetaheuristicsForBigOpt/UGR-GII-TFG/Algorithms-ELSGO/MOS_CEC2013/src/gaeda/GAScaling.cc">
			<Option target="gaeda"/>
		</Unit>
		<Unit filename="/Users/Arthur18/Documents/UGR-GII/4toCurso/TFG-AdvancedMetaheuristicsForBigOpt/UGR-GII-TFG/Algorithms-ELSGO/MOS_CEC2013/src/gaeda/GAScaling.h">
			<Option target="gaeda"/>
		</Unit>
		<Unit filename="/Users/Arthur18/Documents/UGR-GII/4toCurso/TFG-AdvancedMetaheuristicsForBigOpt/UGR-GII-TFG/Algorithms-ELSGO/MOS_CEC2013/src/gaeda/GASelector.cc">
			<Option target="gaeda"/>
		</Unit>
		<Unit filename="/Users/Arthur18/Documents/UGR-GII/4toCurso/TFG-AdvancedMetaheuristicsForBigOpt/UGR-GII-TFG/Algorithms-ELSGO/MOS_CEC2013/src/gaeda/GASelector.h">
			<Option target="gaeda"/>
		</Unit>
		<Unit filename="/Users/Arthur18/Documents/UGR-GII/4toCurso/TFG-AdvancedMetaheuristicsForBigOpt/UGR-GII-TFG/Algorithms-ELSGO/MOS_CEC2013/src/gaeda/GASimpleEDA.cc">
			<Option target="gaeda"/>
		</Unit>
		<Unit filename="/Users/Arthur18/Documents/UGR-GII/4toCurso/TFG-AdvancedMetaheuristicsForBigOpt/UGR-GII-TFG/Algorithms-ELSGO/MOS_CEC2013/src/gaeda/GASimpleEDA.h">
			<Option target="gaeda"/>
		</Unit>
		<Unit filename="/Users/Arthur18/Documents/UGR-GII/4toCurso/TFG-AdvancedMetaheuristicsForBigOpt/UGR-GII-TFG/Algorithms-ELSGO/MOS_CEC2013/src/gaeda/GASimpleGA.cc">
			<Option target="gaeda"/>
		</Unit>
		<Unit filename="/Users/Arthur18/Documents/UGR-GII/4toCurso/TFG-AdvancedMetaheuristicsForBigOpt/UGR-GII-TFG/Algorithms-ELSGO/MOS_CEC2013/src/gaeda/GASimpleGA.h">
			<Option target="gaeda"/>
		</Unit>
		<Unit filename="/Users/Arthur18/Documents/UGR-GII/4toCurso/TFG-AdvancedMetaheuristicsForBigOpt/UGR-GII-TFG/Algorithms-ELSGO/MOS_CEC2013/src/gaeda/GAStatistics.cc">
			<Option target="gaeda"/>
		</Unit>
		<Unit filename="/Users/Arthur18/Documents/UGR-GII/4toCurso/TFG-AdvancedMetaheuristicsForBigOpt/UGR-GII-TFG/Algorithms-ELSGO/MOS_CEC2013/src/gaeda/GAStatistics.h">
			<Option target="gaeda"/>
		</Unit>
		<Unit filename="/Users/Arthur18/Documents/UGR-GII/4toCurso/TFG-AdvancedMetaheuristicsForBigOpt/UGR-GII-TFG/Algorithms-ELSGO/MOS_CEC2013/src/gaeda/GASteadyStateGA.cc">
			<Option target="gaeda"/>
		</Unit>
		<Unit filename="/Users/Arthur18/Documents/UGR-GII/4toCurso/TFG-AdvancedMetaheuristicsForBigOpt/UGR-GII-TFG/Algorithms-ELSGO/MOS_CEC2013/src/gaeda/GASteadyStateGA.h">
			<Option target="gaeda"/>
		</Unit>
		<Unit filename="/Users/Arthur18/Documents/UGR-GII/4toCurso/TFG-AdvancedMetaheuristicsForBigOpt/UGR-GII-TFG/Algorithms-ELSGO/MOS_CEC2013/src/gaeda/GenerationalElitism.cc">
			<Option target="gaeda"/>
		</Unit>
		<Unit filename="/Users/Arthur18/Documents/UGR-GII/4toCurso/TFG-AdvancedMetaheuristicsForBigOpt/UGR-GII-TFG/Algorithms-ELSGO/MOS_CEC2013/src/gaeda/GenerationalElitism.h">
			<Option target="gaeda"/>
		</Unit>
		<Unit filename="/Users/Arthur18/Documents/UGR-GII/4toCurso/TFG-AdvancedMetaheuristicsForBigOpt/UGR-GII-TFG/Algorithms-ELSGO/MOS_CEC2013/src/gaeda/ImprovPerDimManager.cc">
			<Option target="gaeda"/>
		</Unit>
		<Unit filename="/Users/Arthur18/Documents/UGR-GII/4toCurso/TFG-AdvancedMetaheuristicsForBigOpt/UGR-GII-TFG/Algorithms-ELSGO/MOS_CEC2013/src/gaeda/ImprovPerDimManager.h">
			<Option target="gaeda"/>
		</Unit>
		<Unit filename="/Users/Arthur18/Documents/UGR-GII/4toCurso/TFG-AdvancedMetaheuristicsForBigOpt/UGR-GII-TFG/Algorithms-ELSGO/MOS_CEC2013/src/gaeda/IncElitism.cc">
			<Option target="gaeda"/>
		</Unit>
		<Unit filename="/Users/Arthur18/Documents/UGR-GII/4toCurso/TFG-AdvancedMetaheuristicsForBigOpt/UGR-GII-TFG/Algorithms-ELSGO/MOS_CEC2013/src/gaeda/IncElitism.h">
			<Option target="gaeda"/>
		</Unit>
		<Unit filename="/Users/Arthur18/Documents/UGR-GII/4toCurso/TFG-AdvancedMetaheuristicsForBigOpt/UGR-GII-TFG/Algorithms-ELSGO/MOS_CEC2013/src/gaeda/LSElitism.cc">
			<Option target="gaeda"/>
		</Unit>
		<Unit filename="/Users/Arthur18/Documents/UGR-GII/4toCurso/TFG-AdvancedMetaheuristicsForBigOpt/UGR-GII-TFG/Algorithms-ELSGO/MOS_CEC2013/src/gaeda/LSElitism.h">
			<Option target="gaeda"/>
		</Unit>
		<Unit filename="/Users/Arthur18/Documents/UGR-GII/4toCurso/TFG-AdvancedMetaheuristicsForBigOpt/UGR-GII-TFG/Algorithms-ELSGO/MOS_CEC2013/src/gaeda/MOSConfig.cc">
			<Option target="gaeda"/>
		</Unit>
		<Unit filename="/Users/Arthur18/Documents/UGR-GII/4toCurso/TFG-AdvancedMetaheuristicsForBigOpt/UGR-GII-TFG/Algorithms-ELSGO/MOS_CEC2013/src/gaeda/MOSConfig.h">
			<Option target="gaeda"/>
		</Unit>
		<Unit filename="/Users/Arthur18/Documents/UGR-GII/4toCurso/TFG-AdvancedMetaheuristicsForBigOpt/UGR-GII-TFG/Algorithms-ELSGO/MOS_CEC2013/src/gaeda/MOSConversion.cc">
			<Option target="gaeda"/>
		</Unit>
		<Unit filename="/Users/Arthur18/Documents/UGR-GII/4toCurso/TFG-AdvancedMetaheuristicsForBigOpt/UGR-GII-TFG/Algorithms-ELSGO/MOS_CEC2013/src/gaeda/MOSConversion.h">
			<Option target="gaeda"/>
		</Unit>
		<Unit filename="/Users/Arthur18/Documents/UGR-GII/4toCurso/TFG-AdvancedMetaheuristicsForBigOpt/UGR-GII-TFG/Algorithms-ELSGO/MOS_CEC2013/src/gaeda/MOSEA.cc">
			<Option target="gaeda"/>
		</Unit>
		<Unit filename="/Users/Arthur18/Documents/UGR-GII/4toCurso/TFG-AdvancedMetaheuristicsForBigOpt/UGR-GII-TFG/Algorithms-ELSGO/MOS_CEC2013/src/gaeda/MOSEA.h">
			<Option target="gaeda"/>
		</Unit>
		<Unit filename="/Users/Arthur18/Documents/UGR-GII/4toCurso/TFG-AdvancedMetaheuristicsForBigOpt/UGR-GII-TFG/Algorithms-ELSGO/MOS_CEC2013/src/gaeda/MOSEA2.cc">
			<Option target="gaeda"/>
		</Unit>
		<Unit filename="/Users/Arthur18/Documents/UGR-GII/4toCurso/TFG-AdvancedMetaheuristicsForBigOpt/UGR-GII-TFG/Algorithms-ELSGO/MOS_CEC2013/src/gaeda/MOSEA2.h">
			<Option target="gaeda"/>
		</Unit>
		<Unit filename="/Users/Arthur18/Documents/UGR-GII/4toCurso/TFG-AdvancedMetaheuristicsForBigOpt/UGR-GII-TFG/Algorithms-ELSGO/MOS_CEC2013/src/gaeda/MOSEAMultiDeme.cc">
			<Option target="gaeda"/>
		</Unit>
		<Unit filename="/Users/Arthur18/Documents/UGR-GII/4toCurso/TFG-AdvancedMetaheuristicsForBigOpt/UGR-GII-TFG/Algorithms-ELSGO/MOS_CEC2013/src/gaeda/MOSEAMultiDeme.h">
			<Option target="gaeda"/>
		</Unit>
		<Unit filename="/Users/Arthur18/Documents/UGR-GII/4toCurso/TFG-AdvancedMetaheuristicsForBigOpt/UGR-GII-TFG/Algorithms-ELSGO/MOS_CEC2013/src/gaeda/MOSEARL.cc">
			<Option target="gaeda"/>
		</Unit>
		<Unit filename="/Users/Arthur18/Documents/UGR-GII/4toCurso/TFG-AdvancedMetaheuristicsForBigOpt/UGR-GII-TFG/Algorithms-ELSGO/MOS_CEC2013/src/gaeda/MOSEARL.h">
			<Option target="gaeda"/>
		</Unit>
		<Unit filename="/Users/Arthur18/Documents/UGR-GII/4toCurso/TFG-AdvancedMetaheuristicsForBigOpt/UGR-GII-TFG/Algorithms-ELSGO/MOS_CEC2013/src/gaeda/MOSGenomeFactory.cc">
			<Option target="gaeda"/>
		</Unit>
		<Unit filename="/Users/Arthur18/Documents/UGR-GII/4toCurso/TFG-AdvancedMetaheuristicsForBigOpt/UGR-GII-TFG/Algorithms-ELSGO/MOS_CEC2013/src/gaeda/MOSGenomeFactory.h">
			<Option target="gaeda"/>
		</Unit>
		<Unit filename="/Users/Arthur18/Documents/UGR-GII/4toCurso/TFG-AdvancedMetaheuristicsForBigOpt/UGR-GII-TFG/Algorithms-ELSGO/MOS_CEC2013/src/gaeda/MOSParticipationFunc.cc">
			<Option target="gaeda"/>
		</Unit>
		<Unit filename="/Users/Arthur18/Documents/UGR-GII/4toCurso/TFG-AdvancedMetaheuristicsForBigOpt/UGR-GII-TFG/Algorithms-ELSGO/MOS_CEC2013/src/gaeda/MOSParticipationFunc.h">
			<Option target="gaeda"/>
		</Unit>
		<Unit filename="/Users/Arthur18/Documents/UGR-GII/4toCurso/TFG-AdvancedMetaheuristicsForBigOpt/UGR-GII-TFG/Algorithms-ELSGO/MOS_CEC2013/src/gaeda/MOSParticipationFunction.cc">
			<Option target="gaeda"/>
		</Unit>
		<Unit filename="/Users/Arthur18/Documents/UGR-GII/4toCurso/TFG-AdvancedMetaheuristicsForBigOpt/UGR-GII-TFG/Algorithms-ELSGO/MOS_CEC2013/src/gaeda/MOSParticipationFunction.h">
			<Option target="gaeda"/>
		</Unit>
		<Unit filename="/Users/Arthur18/Documents/UGR-GII/4toCurso/TFG-AdvancedMetaheuristicsForBigOpt/UGR-GII-TFG/Algorithms-ELSGO/MOS_CEC2013/src/gaeda/MOSQualityFunction.cc">
			<Option target="gaeda"/>
		</Unit>
		<Unit filename="/Users/Arthur18/Documents/UGR-GII/4toCurso/TFG-AdvancedMetaheuristicsForBigOpt/UGR-GII-TFG/Algorithms-ELSGO/MOS_CEC2013/src/gaeda/MOSQualityFunction.h">
			<Option target="gaeda"/>
		</Unit>
		<Unit filename="/Users/Arthur18/Documents/UGR-GII/4toCurso/TFG-AdvancedMetaheuristicsForBigOpt/UGR-GII-TFG/Algorithms-ELSGO/MOS_CEC2013/src/gaeda/MOSTechnique.cc">
			<Option target="gaeda"/>
		</Unit>
		<Unit filename="/Users/Arthur18/Documents/UGR-GII/4toCurso/TFG-AdvancedMetaheuristicsForBigOpt/UGR-GII-TFG/Algorithms-ELSGO/MOS_CEC2013/src/gaeda/MOSTechnique.h">
			<Option target="gaeda"/>
		</Unit>
		<Unit filename="/Users/Arthur18/Documents/UGR-GII/4toCurso/TFG-AdvancedMetaheuristicsForBigOpt/UGR-GII-TFG/Algorithms-ELSGO/MOS_CEC2013/src/gaeda/MOSTechniqueAdapDE.cc">
			<Option target="gaeda"/>
		</Unit>
		<Unit filename="/Users/Arthur18/Documents/UGR-GII/4toCurso/TFG-AdvancedMetaheuristicsForBigOpt/UGR-GII-TFG/Algorithms-ELSGO/MOS_CEC2013/src/gaeda/MOSTechniqueAdapDE.h">
			<Option target="gaeda"/>
		</Unit>
		<Unit filename="/Users/Arthur18/Documents/UGR-GII/4toCurso/TFG-AdvancedMetaheuristicsForBigOpt/UGR-GII-TFG/Algorithms-ELSGO/MOS_CEC2013/src/gaeda/MOSTechniqueAdapSTSDE.cc">
			<Option target="gaeda"/>
		</Unit>
		<Unit filename="/Users/Arthur18/Documents/UGR-GII/4toCurso/TFG-AdvancedMetaheuristicsForBigOpt/UGR-GII-TFG/Algorithms-ELSGO/MOS_CEC2013/src/gaeda/MOSTechniqueAdapSTSDE.h">
			<Option target="gaeda"/>
		</Unit>
		<Unit filename="/Users/Arthur18/Documents/UGR-GII/4toCurso/TFG-AdvancedMetaheuristicsForBigOpt/UGR-GII-TFG/Algorithms-ELSGO/MOS_CEC2013/src/gaeda/MOSTechniqueCMAES.cc">
			<Option target="gaeda"/>
		</Unit>
		<Unit filename="/Users/Arthur18/Documents/UGR-GII/4toCurso/TFG-AdvancedMetaheuristicsForBigOpt/UGR-GII-TFG/Algorithms-ELSGO/MOS_CEC2013/src/gaeda/MOSTechniqueCMAES.h">
			<Option target="gaeda"/>
		</Unit>
		<Unit filename="/Users/Arthur18/Documents/UGR-GII/4toCurso/TFG-AdvancedMetaheuristicsForBigOpt/UGR-GII-TFG/Algorithms-ELSGO/MOS_CEC2013/src/gaeda/MOSTechniqueDE.cc">
			<Option target="gaeda"/>
		</Unit>
		<Unit filename="/Users/Arthur18/Documents/UGR-GII/4toCurso/TFG-AdvancedMetaheuristicsForBigOpt/UGR-GII-TFG/Algorithms-ELSGO/MOS_CEC2013/src/gaeda/MOSTechniqueDE.h">
			<Option target="gaeda"/>
		</Unit>
		<Unit filename="/Users/Arthur18/Documents/UGR-GII/4toCurso/TFG-AdvancedMetaheuristicsForBigOpt/UGR-GII-TFG/Algorithms-ELSGO/MOS_CEC2013/src/gaeda/MOSTechniqueDEPopSize.cc">
			<Option target="gaeda"/>
		</Unit>
		<Unit filename="/Users/Arthur18/Documents/UGR-GII/4toCurso/TFG-AdvancedMetaheuristicsForBigOpt/UGR-GII-TFG/Algorithms-ELSGO/MOS_CEC2013/src/gaeda/MOSTechniqueDEPopSize.h">
			<Option target="gaeda"/>
		</Unit>
		<Unit filename="/Users/Arthur18/Documents/UGR-GII/4toCurso/TFG-AdvancedMetaheuristicsForBigOpt/UGR-GII-TFG/Algorithms-ELSGO/MOS_CEC2013/src/gaeda/MOSTechniqueEDA.cc">
			<Option target="gaeda"/>
		</Unit>
		<Unit filename="/Users/Arthur18/Documents/UGR-GII/4toCurso/TFG-AdvancedMetaheuristicsForBigOpt/UGR-GII-TFG/Algorithms-ELSGO/MOS_CEC2013/src/gaeda/MOSTechniqueEDA.h">
			<Option target="gaeda"/>
		</Unit>
		<Unit filename="/Users/Arthur18/Documents/UGR-GII/4toCurso/TFG-AdvancedMetaheuristicsForBigOpt/UGR-GII-TFG/Algorithms-ELSGO/MOS_CEC2013/src/gaeda/MOSTechniqueES.cc">
			<Option target="gaeda"/>
		</Unit>
		<Unit filename="/Users/Arthur18/Documents/UGR-GII/4toCurso/TFG-AdvancedMetaheuristicsForBigOpt/UGR-GII-TFG/Algorithms-ELSGO/MOS_CEC2013/src/gaeda/MOSTechniqueES.h">
			<Option target="gaeda"/>
		</Unit>
		<Unit filename="/Users/Arthur18/Documents/UGR-GII/4toCurso/TFG-AdvancedMetaheuristicsForBigOpt/UGR-GII-TFG/Algorithms-ELSGO/MOS_CEC2013/src/gaeda/MOSTechniqueGA.cc">
			<Option target="gaeda"/>
		</Unit>
		<Unit filename="/Users/Arthur18/Documents/UGR-GII/4toCurso/TFG-AdvancedMetaheuristicsForBigOpt/UGR-GII-TFG/Algorithms-ELSGO/MOS_CEC2013/src/gaeda/MOSTechniqueGA.h">
			<Option target="gaeda"/>
		</Unit>
		<Unit filename="/Users/Arthur18/Documents/UGR-GII/4toCurso/TFG-AdvancedMetaheuristicsForBigOpt/UGR-GII-TFG/Algorithms-ELSGO/MOS_CEC2013/src/gaeda/MOSTechniqueLS.cc">
			<Option target="gaeda"/>
		</Unit>
		<Unit filename="/Users/Arthur18/Documents/UGR-GII/4toCurso/TFG-AdvancedMetaheuristicsForBigOpt/UGR-GII-TFG/Algorithms-ELSGO/MOS_CEC2013/src/gaeda/MOSTechniqueLS.h">
			<Option target="gaeda"/>
		</Unit>
		<Unit filename="/Users/Arthur18/Documents/UGR-GII/4toCurso/TFG-AdvancedMetaheuristicsForBigOpt/UGR-GII-TFG/Algorithms-ELSGO/MOS_CEC2013/src/gaeda/MOSTechniqueLSObj.cc">
			<Option target="gaeda"/>
		</Unit>
		<Unit filename="/Users/Arthur18/Documents/UGR-GII/4toCurso/TFG-AdvancedMetaheuristicsForBigOpt/UGR-GII-TFG/Algorithms-ELSGO/MOS_CEC2013/src/gaeda/MOSTechniqueLSObj.h">
			<Option target="gaeda"/>
		</Unit>
		<Unit filename="/Users/Arthur18/Documents/UGR-GII/4toCurso/TFG-AdvancedMetaheuristicsForBigOpt/UGR-GII-TFG/Algorithms-ELSGO/MOS_CEC2013/src/gaeda/MOSTechniqueMemeticGA.cc">
			<Option target="gaeda"/>
		</Unit>
		<Unit filename="/Users/Arthur18/Documents/UGR-GII/4toCurso/TFG-AdvancedMetaheuristicsForBigOpt/UGR-GII-TFG/Algorithms-ELSGO/MOS_CEC2013/src/gaeda/MOSTechniqueMemeticGA.h">
			<Option target="gaeda"/>
		</Unit>
		<Unit filename="/Users/Arthur18/Documents/UGR-GII/4toCurso/TFG-AdvancedMetaheuristicsForBigOpt/UGR-GII-TFG/Algorithms-ELSGO/MOS_CEC2013/src/gaeda/MOSTechniqueNMA.cc">
			<Option target="gaeda"/>
		</Unit>
		<Unit filename="/Users/Arthur18/Documents/UGR-GII/4toCurso/TFG-AdvancedMetaheuristicsForBigOpt/UGR-GII-TFG/Algorithms-ELSGO/MOS_CEC2013/src/gaeda/MOSTechniqueNMA.h">
			<Option target="gaeda"/>
		</Unit>
		<Unit filename="/Users/Arthur18/Documents/UGR-GII/4toCurso/TFG-AdvancedMetaheuristicsForBigOpt/UGR-GII-TFG/Algorithms-ELSGO/MOS_CEC2013/src/gaeda/MOSTechniquePopLS.cc">
			<Option target="gaeda"/>
		</Unit>
		<Unit filename="/Users/Arthur18/Documents/UGR-GII/4toCurso/TFG-AdvancedMetaheuristicsForBigOpt/UGR-GII-TFG/Algorithms-ELSGO/MOS_CEC2013/src/gaeda/MOSTechniquePopLS.h">
			<Option target="gaeda"/>
		</Unit>
		<Unit filename="/Users/Arthur18/Documents/UGR-GII/4toCurso/TFG-AdvancedMetaheuristicsForBigOpt/UGR-GII-TFG/Algorithms-ELSGO/MOS_CEC2013/src/gaeda/MOSTechniqueSTSDE.cc">
			<Option target="gaeda"/>
		</Unit>
		<Unit filename="/Users/Arthur18/Documents/UGR-GII/4toCurso/TFG-AdvancedMetaheuristicsForBigOpt/UGR-GII-TFG/Algorithms-ELSGO/MOS_CEC2013/src/gaeda/MOSTechniqueSTSDE.h">
			<Option target="gaeda"/>
		</Unit>
		<Unit filename="/Users/Arthur18/Documents/UGR-GII/4toCurso/TFG-AdvancedMetaheuristicsForBigOpt/UGR-GII-TFG/Algorithms-ELSGO/MOS_CEC2013/src/gaeda/MOSTechniqueSet.cc">
			<Option target="gaeda"/>
		</Unit>
		<Unit filename="/Users/Arthur18/Documents/UGR-GII/4toCurso/TFG-AdvancedMetaheuristicsForBigOpt/UGR-GII-TFG/Algorithms-ELSGO/MOS_CEC2013/src/gaeda/MOSTechniqueSet.h">
			<Option target="gaeda"/>
		</Unit>
		<Unit filename="/Users/Arthur18/Documents/UGR-GII/4toCurso/TFG-AdvancedMetaheuristicsForBigOpt/UGR-GII-TFG/Algorithms-ELSGO/MOS_CEC2013/src/gaeda/Matrix.cc">
			<Option target="gaeda"/>
		</Unit>
		<Unit filename="/Users/Arthur18/Documents/UGR-GII/4toCurso/TFG-AdvancedMetaheuristicsForBigOpt/UGR-GII-TFG/Algorithms-ELSGO/MOS_CEC2013/src/gaeda/Matrix.h">
			<Option target="gaeda"/>
		</Unit>
		<Unit filename="/Users/Arthur18/Documents/UGR-GII/4toCurso/TFG-AdvancedMetaheuristicsForBigOpt/UGR-GII-TFG/Algorithms-ELSGO/MOS_CEC2013/src/gaeda/NSC.cc">
			<Option target="gaeda"/>
		</Unit>
		<Unit filename="/Users/Arthur18/Documents/UGR-GII/4toCurso/TFG-AdvancedMetaheuristicsForBigOpt/UGR-GII-TFG/Algorithms-ELSGO/MOS_CEC2013/src/gaeda/NSC.h">
			<Option target="gaeda"/>
		</Unit>
		<Unit filename="/Users/Arthur18/Documents/UGR-GII/4toCurso/TFG-AdvancedMetaheuristicsForBigOpt/UGR-GII-TFG/Algorithms-ELSGO/MOS_CEC2013/src/gaeda/PercentElitism.cc">
			<Option target="gaeda"/>
		</Unit>
		<Unit filename="/Users/Arthur18/Documents/UGR-GII/4toCurso/TFG-AdvancedMetaheuristicsForBigOpt/UGR-GII-TFG/Algorithms-ELSGO/MOS_CEC2013/src/gaeda/PercentElitism.h">
			<Option target="gaeda"/>
		</Unit>
		<Unit filename="/Users/Arthur18/Documents/UGR-GII/4toCurso/TFG-AdvancedMetaheuristicsForBigOpt/UGR-GII-TFG/Algorithms-ELSGO/MOS_CEC2013/src/gaeda/PopElitism.cc">
			<Option target="gaeda"/>
		</Unit>
		<Unit filename="/Users/Arthur18/Documents/UGR-GII/4toCurso/TFG-AdvancedMetaheuristicsForBigOpt/UGR-GII-TFG/Algorithms-ELSGO/MOS_CEC2013/src/gaeda/PopElitism.h">
			<Option target="gaeda"/>
		</Unit>
		<Unit filename="/Users/Arthur18/Documents/UGR-GII/4toCurso/TFG-AdvancedMetaheuristicsForBigOpt/UGR-GII-TFG/Algorithms-ELSGO/MOS_CEC2013/src/gaeda/RLImprovPerDimManager.cc">
			<Option target="gaeda"/>
		</Unit>
		<Unit filename="/Users/Arthur18/Documents/UGR-GII/4toCurso/TFG-AdvancedMetaheuristicsForBigOpt/UGR-GII-TFG/Algorithms-ELSGO/MOS_CEC2013/src/gaeda/RLImprovPerDimManager.h">
			<Option target="gaeda"/>
		</Unit>
		<Unit filename="/Users/Arthur18/Documents/UGR-GII/4toCurso/TFG-AdvancedMetaheuristicsForBigOpt/UGR-GII-TFG/Algorithms-ELSGO/MOS_CEC2013/src/gaeda/RoutingAlg.cc">
			<Option target="gaeda"/>
		</Unit>
		<Unit filename="/Users/Arthur18/Documents/UGR-GII/4toCurso/TFG-AdvancedMetaheuristicsForBigOpt/UGR-GII-TFG/Algorithms-ELSGO/MOS_CEC2013/src/gaeda/RoutingAlg.h">
			<Option target="gaeda"/>
		</Unit>
		<Unit filename="/Users/Arthur18/Documents/UGR-GII/4toCurso/TFG-AdvancedMetaheuristicsForBigOpt/UGR-GII-TFG/Algorithms-ELSGO/MOS_CEC2013/src/gaeda/TSCordeau.cc">
			<Option target="gaeda"/>
		</Unit>
		<Unit filename="/Users/Arthur18/Documents/UGR-GII/4toCurso/TFG-AdvancedMetaheuristicsForBigOpt/UGR-GII-TFG/Algorithms-ELSGO/MOS_CEC2013/src/gaeda/TSCordeau.h">
			<Option target="gaeda"/>
		</Unit>
		<Unit filename="/Users/Arthur18/Documents/UGR-GII/4toCurso/TFG-AdvancedMetaheuristicsForBigOpt/UGR-GII-TFG/Algorithms-ELSGO/MOS_CEC2013/src/gaeda/TimeConvergence.cc">
			<Option target="gaeda"/>
		</Unit>
		<Unit filename="/Users/Arthur18/Documents/UGR-GII/4toCurso/TFG-AdvancedMetaheuristicsForBigOpt/UGR-GII-TFG/Algorithms-ELSGO/MOS_CEC2013/src/gaeda/TimeConvergence.h">
			<Option target="gaeda"/>
		</Unit>
		<Unit filename="/Users/Arthur18/Documents/UGR-GII/4toCurso/TFG-AdvancedMetaheuristicsForBigOpt/UGR-GII-TFG/Algorithms-ELSGO/MOS_CEC2013/src/gaeda/VNS.cc">
			<Option target="gaeda"/>
		</Unit>
		<Unit filename="/Users/Arthur18/Documents/UGR-GII/4toCurso/TFG-AdvancedMetaheuristicsForBigOpt/UGR-GII-TFG/Algorithms-ELSGO/MOS_CEC2013/src/gaeda/VNS.h">
			<Option target="gaeda"/>
		</Unit>
		<Unit filename="/Users/Arthur18/Documents/UGR-GII/4toCurso/TFG-AdvancedMetaheuristicsForBigOpt/UGR-GII-TFG/Algorithms-ELSGO/MOS_CEC2013/src/gaeda/VNSOp.cc">
			<Option target="gaeda"/>
		</Unit>
		<Unit filename="/Users/Arthur18/Documents/UGR-GII/4toCurso/TFG-AdvancedMetaheuristicsForBigOpt/UGR-GII-TFG/Algorithms-ELSGO/MOS_CEC2013/src/gaeda/VNSOp.h">
			<Option target="gaeda"/>
		</Unit>
		<Unit filename="/Users/Arthur18/Documents/UGR-GII/4toCurso/TFG-AdvancedMetaheuristicsForBigOpt/UGR-GII-TFG/Algorithms-ELSGO/MOS_CEC2013/src/gaeda/VNSOpAction.cc">
			<Option target="gaeda"/>
		</Unit>
		<Unit filename="/Users/Arthur18/Documents/UGR-GII/4toCurso/TFG-AdvancedMetaheuristicsForBigOpt/UGR-GII-TFG/Algorithms-ELSGO/MOS_CEC2013/src/gaeda/VNSOpAction.h">
			<Option target="gaeda"/>
		</Unit>
		<Unit filename="/Users/Arthur18/Documents/UGR-GII/4toCurso/TFG-AdvancedMetaheuristicsForBigOpt/UGR-GII-TFG/Algorithms-ELSGO/MOS_CEC2013/src/gaeda/VNSShakerResults.cc">
			<Option target="gaeda"/>
		</Unit>
		<Unit filename="/Users/Arthur18/Documents/UGR-GII/4toCurso/TFG-AdvancedMetaheuristicsForBigOpt/UGR-GII-TFG/Algorithms-ELSGO/MOS_CEC2013/src/gaeda/VNSShakerResults.h">
			<Option target="gaeda"/>
		</Unit>
		<Unit filename="/Users/Arthur18/Documents/UGR-GII/4toCurso/TFG-AdvancedMetaheuristicsForBigOpt/UGR-GII-TFG/Algorithms-ELSGO/MOS_CEC2013/src/gaeda/chi.c">
			<Option target="gaeda"/>
		</Unit>
		<Unit filename="/Users/Arthur18/Documents/UGR-GII/4toCurso/TFG-AdvancedMetaheuristicsForBigOpt/UGR-GII-TFG/Algorithms-ELSGO/MOS_CEC2013/src/gaeda/chi.h">
			<Option target="gaeda"/>
		</Unit>
		<Unit filename="/Users/Arthur18/Documents/UGR-GII/4toCurso/TFG-AdvancedMetaheuristicsForBigOpt/UGR-GII-TFG/Algorithms-ELSGO/MOS_CEC2013/src/gaeda/cmaes.c">
			<Option target="gaeda"/>
		</Unit>
		<Unit filename="/Users/Arthur18/Documents/UGR-GII/4toCurso/TFG-AdvancedMetaheuristicsForBigOpt/UGR-GII-TFG/Algorithms-ELSGO/MOS_CEC2013/src/gaeda/cmaes.h">
			<Option target="gaeda"/>
		</Unit>
		<Unit filename="/Users/Arthur18/Documents/UGR-GII/4toCurso/TFG-AdvancedMetaheuristicsForBigOpt/UGR-GII-TFG/Algorithms-ELSGO/MOS_CEC2013/src/gaeda/extras/centroids.cc">
			<Option target="gaeda"/>
		</Unit>
		<Unit filename="/Users/Arthur18/Documents/UGR-GII/4toCurso/TFG-AdvancedMetaheuristicsForBigOpt/UGR-GII-TFG/Algorithms-ELSGO/MOS_CEC2013/src/gaeda/extras/centroids.h">
			<Option target="gaeda"/>
		</Unit>
		<Unit filename="/Users/Arthur18/Documents/UGR-GII/4toCurso/TFG-AdvancedMetaheuristicsForBigOpt/UGR-GII-TFG/Algorithms-ELSGO/MOS_CEC2013/src/gaeda/extras/combinations.cc">
			<Option target="gaeda"/>
		</Unit>
		<Unit filename="/Users/Arthur18/Documents/UGR-GII/4toCurso/TFG-AdvancedMetaheuristicsForBigOpt/UGR-GII-TFG/Algorithms-ELSGO/MOS_CEC2013/src/gaeda/extras/combinations.h">
			<Option target="gaeda"/>
		</Unit>
		<Unit filename="/Users/Arthur18/Documents/UGR-GII/4toCurso/TFG-AdvancedMetaheuristicsForBigOpt/UGR-GII-TFG/Algorithms-ELSGO/MOS_CEC2013/src/gaeda/extras/distaux.cc">
			<Option target="gaeda"/>
		</Unit>
		<Unit filename="/Users/Arthur18/Documents/UGR-GII/4toCurso/TFG-AdvancedMetaheuristicsForBigOpt/UGR-GII-TFG/Algorithms-ELSGO/MOS_CEC2013/src/gaeda/extras/distaux.h">
			<Option target="gaeda"/>
		</Unit>
		<Unit filename="/Users/Arthur18/Documents/UGR-GII/4toCurso/TFG-AdvancedMetaheuristicsForBigOpt/UGR-GII-TFG/Algorithms-ELSGO/MOS_CEC2013/src/gaeda/extras/problemloader.cc">
			<Option target="gaeda"/>
		</Unit>
		<Unit filename="/Users/Arthur18/Documents/UGR-GII/4toCurso/TFG-AdvancedMetaheuristicsForBigOpt/UGR-GII-TFG/Algorithms-ELSGO/MOS_CEC2013/src/gaeda/extras/problemloader.h">
			<Option target="gaeda"/>
		</Unit>
		<Unit filename="/Users/Arthur18/Documents/UGR-GII/4toCurso/TFG-AdvancedMetaheuristicsForBigOpt/UGR-GII-TFG/Algorithms-ELSGO/MOS_CEC2013/src/gaeda/gaerror.cc">
			<Option target="gaeda"/>
		</Unit>
		<Unit filename="/Users/Arthur18/Documents/UGR-GII/4toCurso/TFG-AdvancedMetaheuristicsForBigOpt/UGR-GII-TFG/Algorithms-ELSGO/MOS_CEC2013/src/gaeda/gaerror.h">
			<Option target="gaeda"/>
		</Unit>
		<Unit filename="/Users/Arthur18/Documents/UGR-GII/4toCurso/TFG-AdvancedMetaheuristicsForBigOpt/UGR-GII-TFG/Algorithms-ELSGO/MOS_CEC2013/src/gaeda/gaparameters.cc">
			<Option target="gaeda"/>
		</Unit>
		<Unit filename="/Users/Arthur18/Documents/UGR-GII/4toCurso/TFG-AdvancedMetaheuristicsForBigOpt/UGR-GII-TFG/Algorithms-ELSGO/MOS_CEC2013/src/gaeda/gaparameters.h">
			<Option target="gaeda"/>
		</Unit>
		<Unit filename="/Users/Arthur18/Documents/UGR-GII/4toCurso/TFG-AdvancedMetaheuristicsForBigOpt/UGR-GII-TFG/Algorithms-ELSGO/MOS_CEC2013/src/gaeda/garandom.cc">
			<Option target="gaeda"/>
		</Unit>
		<Unit filename="/Users/Arthur18/Documents/UGR-GII/4toCurso/TFG-AdvancedMetaheuristicsForBigOpt/UGR-GII-TFG/Algorithms-ELSGO/MOS_CEC2013/src/gaeda/garandom.h">
			<Option target="gaeda"/>
		</Unit>
		<Unit filename="/Users/Arthur18/Documents/UGR-GII/4toCurso/TFG-AdvancedMetaheuristicsForBigOpt/UGR-GII-TFG/Algorithms-ELSGO/MOS_CEC2013/src/gaeda/genomes/GA1DArrayGenome.cc">
			<Option target="gaeda"/>
		</Unit>
		<Unit filename="/Users/Arthur18/Documents/UGR-GII/4toCurso/TFG-AdvancedMetaheuristicsForBigOpt/UGR-GII-TFG/Algorithms-ELSGO/MOS_CEC2013/src/gaeda/genomes/GA1DArrayGenome.h">
			<Option target="gaeda"/>
		</Unit>
		<Unit filename="/Users/Arthur18/Documents/UGR-GII/4toCurso/TFG-AdvancedMetaheuristicsForBigOpt/UGR-GII-TFG/Algorithms-ELSGO/MOS_CEC2013/src/gaeda/genomes/GA1DBinStrGenome.cc">
			<Option target="gaeda"/>
		</Unit>
		<Unit filename="/Users/Arthur18/Documents/UGR-GII/4toCurso/TFG-AdvancedMetaheuristicsForBigOpt/UGR-GII-TFG/Algorithms-ELSGO/MOS_CEC2013/src/gaeda/genomes/GA1DBinStrGenome.h">
			<Option target="gaeda"/>
		</Unit>
		<Unit filename="/Users/Arthur18/Documents/UGR-GII/4toCurso/TFG-AdvancedMetaheuristicsForBigOpt/UGR-GII-TFG/Algorithms-ELSGO/MOS_CEC2013/src/gaeda/genomes/GA2DArrayGenome.cc">
			<Option target="gaeda"/>
		</Unit>
		<Unit filename="/Users/Arthur18/Documents/UGR-GII/4toCurso/TFG-AdvancedMetaheuristicsForBigOpt/UGR-GII-TFG/Algorithms-ELSGO/MOS_CEC2013/src/gaeda/genomes/GA2DArrayGenome.h">
			<Option target="gaeda"/>
		</Unit>
		<Unit filename="/Users/Arthur18/Documents/UGR-GII/4toCurso/TFG-AdvancedMetaheuristicsForBigOpt/UGR-GII-TFG/Algorithms-ELSGO/MOS_CEC2013/src/gaeda/genomes/GA2DBinStrGenome.cc">
			<Option target="gaeda"/>
		</Unit>
		<Unit filename="/Users/Arthur18/Documents/UGR-GII/4toCurso/TFG-AdvancedMetaheuristicsForBigOpt/UGR-GII-TFG/Algorithms-ELSGO/MOS_CEC2013/src/gaeda/genomes/GA2DBinStrGenome.h">
			<Option target="gaeda"/>
		</Unit>
		<Unit filename="/Users/Arthur18/Documents/UGR-GII/4toCurso/TFG-AdvancedMetaheuristicsForBigOpt/UGR-GII-TFG/Algorithms-ELSGO/MOS_CEC2013/src/gaeda/genomes/GA3DArrayGenome.cc">
			<Option target="gaeda"/>
		</Unit>
		<Unit filename="/Users/Arthur18/Documents/UGR-GII/4toCurso/TFG-AdvancedMetaheuristicsForBigOpt/UGR-GII-TFG/Algorithms-ELSGO/MOS_CEC2013/src/gaeda/genomes/GA3DArrayGenome.h">
			<Option target="gaeda"/>
		</Unit>
		<Unit filename="/Users/Arthur18/Documents/UGR-GII/4toCurso/TFG-AdvancedMetaheuristicsForBigOpt/UGR-GII-TFG/Algorithms-ELSGO/MOS_CEC2013/src/gaeda/genomes/GA3DBinStrGenome.cc">
			<Option target="gaeda"/>
		</Unit>
		<Unit filename="/Users/Arthur18/Documents/UGR-GII/4toCurso/TFG-AdvancedMetaheuristicsForBigOpt/UGR-GII-TFG/Algorithms-ELSGO/MOS_CEC2013/src/gaeda/genomes/GA3DBinStrGenome.h">
			<Option target="gaeda"/>
		</Unit>
		<Unit filename="/Users/Arthur18/Documents/UGR-GII/4toCurso/TFG-AdvancedMetaheuristicsForBigOpt/UGR-GII-TFG/Algorithms-ELSGO/MOS_CEC2013/src/gaeda/genomes/GAAllele.cc">
			<Option target="gaeda"/>
		</Unit>
		<Unit filename="/Users/Arthur18/Documents/UGR-GII/4toCurso/TFG-AdvancedMetaheuristicsForBigOpt/UGR-GII-TFG/Algorithms-ELSGO/MOS_CEC2013/src/gaeda/genomes/GAAllele.h">
			<Option target="gaeda"/>
		</Unit>
		<Unit filename="/Users/Arthur18/Documents/UGR-GII/4toCurso/TFG-AdvancedMetaheuristicsForBigOpt/UGR-GII-TFG/Algorithms-ELSGO/MOS_CEC2013/src/gaeda/genomes/GABin2DecGenome.cc">
			<Option target="gaeda"/>
		</Unit>
		<Unit filename="/Users/Arthur18/Documents/UGR-GII/4toCurso/TFG-AdvancedMetaheuristicsForBigOpt/UGR-GII-TFG/Algorithms-ELSGO/MOS_CEC2013/src/gaeda/genomes/GABin2DecGenome.h">
			<Option target="gaeda"/>
		</Unit>
		<Unit filename="/Users/Arthur18/Documents/UGR-GII/4toCurso/TFG-AdvancedMetaheuristicsForBigOpt/UGR-GII-TFG/Algorithms-ELSGO/MOS_CEC2013/src/gaeda/genomes/GABinStr.cc">
			<Option target="gaeda"/>
		</Unit>
		<Unit filename="/Users/Arthur18/Documents/UGR-GII/4toCurso/TFG-AdvancedMetaheuristicsForBigOpt/UGR-GII-TFG/Algorithms-ELSGO/MOS_CEC2013/src/gaeda/genomes/GABinStr.h">
			<Option target="gaeda"/>
		</Unit>
		<Unit filename="/Users/Arthur18/Documents/UGR-GII/4toCurso/TFG-AdvancedMetaheuristicsForBigOpt/UGR-GII-TFG/Algorithms-ELSGO/MOS_CEC2013/src/gaeda/genomes/GAGenome.cc">
			<Option target="gaeda"/>
		</Unit>
		<Unit filename="/Users/Arthur18/Documents/UGR-GII/4toCurso/TFG-AdvancedMetaheuristicsForBigOpt/UGR-GII-TFG/Algorithms-ELSGO/MOS_CEC2013/src/gaeda/genomes/GAGenome.h">
			<Option target="gaeda"/>
		</Unit>
		<Unit filename="/Users/Arthur18/Documents/UGR-GII/4toCurso/TFG-AdvancedMetaheuristicsForBigOpt/UGR-GII-TFG/Algorithms-ELSGO/MOS_CEC2013/src/gaeda/genomes/GAList.cc">
			<Option target="gaeda"/>
		</Unit>
		<Unit filename="/Users/Arthur18/Documents/UGR-GII/4toCurso/TFG-AdvancedMetaheuristicsForBigOpt/UGR-GII-TFG/Algorithms-ELSGO/MOS_CEC2013/src/gaeda/genomes/GAList.h">
			<Option target="gaeda"/>
		</Unit>
		<Unit filename="/Users/Arthur18/Documents/UGR-GII/4toCurso/TFG-AdvancedMetaheuristicsForBigOpt/UGR-GII-TFG/Algorithms-ELSGO/MOS_CEC2013/src/gaeda/genomes/GAListBASE.cc">
			<Option target="gaeda"/>
		</Unit>
		<Unit filename="/Users/Arthur18/Documents/UGR-GII/4toCurso/TFG-AdvancedMetaheuristicsForBigOpt/UGR-GII-TFG/Algorithms-ELSGO/MOS_CEC2013/src/gaeda/genomes/GAListBASE.h">
			<Option target="gaeda"/>
		</Unit>
		<Unit filename="/Users/Arthur18/Documents/UGR-GII/4toCurso/TFG-AdvancedMetaheuristicsForBigOpt/UGR-GII-TFG/Algorithms-ELSGO/MOS_CEC2013/src/gaeda/genomes/GAListGenome.cc">
			<Option target="gaeda"/>
		</Unit>
		<Unit filename="/Users/Arthur18/Documents/UGR-GII/4toCurso/TFG-AdvancedMetaheuristicsForBigOpt/UGR-GII-TFG/Algorithms-ELSGO/MOS_CEC2013/src/gaeda/genomes/GAListGenome.h">
			<Option target="gaeda"/>
		</Unit>
		<Unit filename="/Users/Arthur18/Documents/UGR-GII/4toCurso/TFG-AdvancedMetaheuristicsForBigOpt/UGR-GII-TFG/Algorithms-ELSGO/MOS_CEC2013/src/gaeda/genomes/GARealGenome.cc">
			<Option target="gaeda"/>
		</Unit>
		<Unit filename="/Users/Arthur18/Documents/UGR-GII/4toCurso/TFG-AdvancedMetaheuristicsForBigOpt/UGR-GII-TFG/Algorithms-ELSGO/MOS_CEC2013/src/gaeda/genomes/GARealGenome.h">
			<Option target="gaeda"/>
		</Unit>
		<Unit filename="/Users/Arthur18/Documents/UGR-GII/4toCurso/TFG-AdvancedMetaheuristicsForBigOpt/UGR-GII-TFG/Algorithms-ELSGO/MOS_CEC2013/src/gaeda/genomes/GAStringGenome.cc">
			<Option target="gaeda"/>
		</Unit>
		<Unit filename="/Users/Arthur18/Documents/UGR-GII/4toCurso/TFG-AdvancedMetaheuristicsForBigOpt/UGR-GII-TFG/Algorithms-ELSGO/MOS_CEC2013/src/gaeda/genomes/GAStringGenome.h">
			<Option target="gaeda"/>
		</Unit>
		<Unit filename="/Users/Arthur18/Documents/UGR-GII/4toCurso/TFG-AdvancedMetaheuristicsForBigOpt/UGR-GII-TFG/Algorithms-ELSGO/MOS_CEC2013/src/gaeda/genomes/GATree.cc">
			<Option target="gaeda"/>
		</Unit>
		<Unit filename="/Users/Arthur18/Documents/UGR-GII/4toCurso/TFG-AdvancedMetaheuristicsForBigOpt/UGR-GII-TFG/Algorithms-ELSGO/MOS_CEC2013/src/gaeda/genomes/GATree.h">
			<Option target="gaeda"/>
		</Unit>
		<Unit filename="/Users/Arthur18/Documents/UGR-GII/4toCurso/TFG-AdvancedMetaheuristicsForBigOpt/UGR-GII-TFG/Algorithms-ELSGO/MOS_CEC2013/src/gaeda/genomes/GATreeBASE.cc">
			<Option target="gaeda"/>
		</Unit>
		<Unit filename="/Users/Arthur18/Documents/UGR-GII/4toCurso/TFG-AdvancedMetaheuristicsForBigOpt/UGR-GII-TFG/Algorithms-ELSGO/MOS_CEC2013/src/gaeda/genomes/GATreeBASE.h">
			<Option target="gaeda"/>
		</Unit>
		<Unit filename="/Users/Arthur18/Documents/UGR-GII/4toCurso/TFG-AdvancedMetaheuristicsForBigOpt/UGR-GII-TFG/Algorithms-ELSGO/MOS_CEC2013/src/gaeda/genomes/GATreeGenome.cc">
			<Option target="gaeda"/>
		</Unit>
		<Unit filename="/Users/Arthur18/Documents/UGR-GII/4toCurso/TFG-AdvancedMetaheuristicsForBigOpt/UGR-GII-TFG/Algorithms-ELSGO/MOS_CEC2013/src/gaeda/genomes/GATreeGenome.h">
			<Option target="gaeda"/>
		</Unit>
		<Unit filename="/Users/Arthur18/Documents/UGR-GII/4toCurso/TFG-AdvancedMetaheuristicsForBigOpt/UGR-GII-TFG/Algorithms-ELSGO/MOS_CEC2013/src/gaeda/genomes/MOSGenome.cc">
			<Option target="gaeda"/>
		</Unit>
		<Unit filename="/Users/Arthur18/Documents/UGR-GII/4toCurso/TFG-AdvancedMetaheuristicsForBigOpt/UGR-GII-TFG/Algorithms-ELSGO/MOS_CEC2013/src/gaeda/genomes/MOSGenome.h">
			<Option target="gaeda"/>
		</Unit>
		<Unit filename="/Users/Arthur18/Documents/UGR-GII/4toCurso/TFG-AdvancedMetaheuristicsForBigOpt/UGR-GII-TFG/Algorithms-ELSGO/MOS_CEC2013/src/gaeda/genomes/PSOGenome.cc">
			<Option target="gaeda"/>
		</Unit>
		<Unit filename="/Users/Arthur18/Documents/UGR-GII/4toCurso/TFG-AdvancedMetaheuristicsForBigOpt/UGR-GII-TFG/Algorithms-ELSGO/MOS_CEC2013/src/gaeda/genomes/PSOGenome.h">
			<Option target="gaeda"/>
		</Unit>
		<Unit filename="/Users/Arthur18/Documents/UGR-GII/4toCurso/TFG-AdvancedMetaheuristicsForBigOpt/UGR-GII-TFG/Algorithms-ELSGO/MOS_CEC2013/src/gaeda/genomes/gabincvt.cc">
			<Option target="gaeda"/>
		</Unit>
		<Unit filename="/Users/Arthur18/Documents/UGR-GII/4toCurso/TFG-AdvancedMetaheuristicsForBigOpt/UGR-GII-TFG/Algorithms-ELSGO/MOS_CEC2013/src/gaeda/genomes/gabincvt.h">
			<Option target="gaeda"/>
		</Unit>
		<Unit filename="/Users/Arthur18/Documents/UGR-GII/4toCurso/TFG-AdvancedMetaheuristicsForBigOpt/UGR-GII-TFG/Algorithms-ELSGO/MOS_CEC2013/src/gaeda/islands/CentroidsGenerator.cc">
			<Option target="gaeda"/>
		</Unit>
		<Unit filename="/Users/Arthur18/Documents/UGR-GII/4toCurso/TFG-AdvancedMetaheuristicsForBigOpt/UGR-GII-TFG/Algorithms-ELSGO/MOS_CEC2013/src/gaeda/islands/CentroidsGenerator.h">
			<Option target="gaeda"/>
		</Unit>
		<Unit filename="/Users/Arthur18/Documents/UGR-GII/4toCurso/TFG-AdvancedMetaheuristicsForBigOpt/UGR-GII-TFG/Algorithms-ELSGO/MOS_CEC2013/src/gaeda/islands/CommManager.cc">
			<Option target="gaeda"/>
		</Unit>
		<Unit filename="/Users/Arthur18/Documents/UGR-GII/4toCurso/TFG-AdvancedMetaheuristicsForBigOpt/UGR-GII-TFG/Algorithms-ELSGO/MOS_CEC2013/src/gaeda/islands/CommManager.h">
			<Option target="gaeda"/>
		</Unit>
		<Unit filename="/Users/Arthur18/Documents/UGR-GII/4toCurso/TFG-AdvancedMetaheuristicsForBigOpt/UGR-GII-TFG/Algorithms-ELSGO/MOS_CEC2013/src/gaeda/islands/EABestEmigrantsSelector.cc">
			<Option target="gaeda"/>
		</Unit>
		<Unit filename="/Users/Arthur18/Documents/UGR-GII/4toCurso/TFG-AdvancedMetaheuristicsForBigOpt/UGR-GII-TFG/Algorithms-ELSGO/MOS_CEC2013/src/gaeda/islands/EABestEmigrantsSelector.h">
			<Option target="gaeda"/>
		</Unit>
		<Unit filename="/Users/Arthur18/Documents/UGR-GII/4toCurso/TFG-AdvancedMetaheuristicsForBigOpt/UGR-GII-TFG/Algorithms-ELSGO/MOS_CEC2013/src/gaeda/islands/EABestImmigrantsSelector.cc">
			<Option target="gaeda"/>
		</Unit>
		<Unit filename="/Users/Arthur18/Documents/UGR-GII/4toCurso/TFG-AdvancedMetaheuristicsForBigOpt/UGR-GII-TFG/Algorithms-ELSGO/MOS_CEC2013/src/gaeda/islands/EABestImmigrantsSelector.h">
			<Option target="gaeda"/>
		</Unit>
		<Unit filename="/Users/Arthur18/Documents/UGR-GII/4toCurso/TFG-AdvancedMetaheuristicsForBigOpt/UGR-GII-TFG/Algorithms-ELSGO/MOS_CEC2013/src/gaeda/islands/EAEmigrantsSelector.cc">
			<Option target="gaeda"/>
		</Unit>
		<Unit filename="/Users/Arthur18/Documents/UGR-GII/4toCurso/TFG-AdvancedMetaheuristicsForBigOpt/UGR-GII-TFG/Algorithms-ELSGO/MOS_CEC2013/src/gaeda/islands/EAEmigrantsSelector.h">
			<Option target="gaeda"/>
		</Unit>
		<Unit filename="/Users/Arthur18/Documents/UGR-GII/4toCurso/TFG-AdvancedMetaheuristicsForBigOpt/UGR-GII-TFG/Algorithms-ELSGO/MOS_CEC2013/src/gaeda/islands/EAImmigrantsSelector.cc">
			<Option target="gaeda"/>
		</Unit>
		<Unit filename="/Users/Arthur18/Documents/UGR-GII/4toCurso/TFG-AdvancedMetaheuristicsForBigOpt/UGR-GII-TFG/Algorithms-ELSGO/MOS_CEC2013/src/gaeda/islands/EAImmigrantsSelector.h">
			<Option target="gaeda"/>
		</Unit>
		<Unit filename="/Users/Arthur18/Documents/UGR-GII/4toCurso/TFG-AdvancedMetaheuristicsForBigOpt/UGR-GII-TFG/Algorithms-ELSGO/MOS_CEC2013/src/gaeda/islands/EAIslandsModel.cc">
			<Option target="gaeda"/>
		</Unit>
		<Unit filename="/Users/Arthur18/Documents/UGR-GII/4toCurso/TFG-AdvancedMetaheuristicsForBigOpt/UGR-GII-TFG/Algorithms-ELSGO/MOS_CEC2013/src/gaeda/islands/EAIslandsModel.h">
			<Option target="gaeda"/>
		</Unit>
		<Unit filename="/Users/Arthur18/Documents/UGR-GII/4toCurso/TFG-AdvancedMetaheuristicsForBigOpt/UGR-GII-TFG/Algorithms-ELSGO/MOS_CEC2013/src/gaeda/islands/EAIslandsModelClusteredPops.cc">
			<Option target="gaeda"/>
		</Unit>
		<Unit filename="/Users/Arthur18/Documents/UGR-GII/4toCurso/TFG-AdvancedMetaheuristicsForBigOpt/UGR-GII-TFG/Algorithms-ELSGO/MOS_CEC2013/src/gaeda/islands/EAIslandsModelClusteredPops.h">
			<Option target="gaeda"/>
		</Unit>
		<Unit filename="/Users/Arthur18/Documents/UGR-GII/4toCurso/TFG-AdvancedMetaheuristicsForBigOpt/UGR-GII-TFG/Algorithms-ELSGO/MOS_CEC2013/src/gaeda/islands/EAIslandsModelSync.cc">
			<Option target="gaeda"/>
		</Unit>
		<Unit filename="/Users/Arthur18/Documents/UGR-GII/4toCurso/TFG-AdvancedMetaheuristicsForBigOpt/UGR-GII-TFG/Algorithms-ELSGO/MOS_CEC2013/src/gaeda/islands/EAIslandsModelSync.h">
			<Option target="gaeda"/>
		</Unit>
		<Unit filename="/Users/Arthur18/Documents/UGR-GII/4toCurso/TFG-AdvancedMetaheuristicsForBigOpt/UGR-GII-TFG/Algorithms-ELSGO/MOS_CEC2013/src/gaeda/islands/EAIslandsTopology.cc">
			<Option target="gaeda"/>
		</Unit>
		<Unit filename="/Users/Arthur18/Documents/UGR-GII/4toCurso/TFG-AdvancedMetaheuristicsForBigOpt/UGR-GII-TFG/Algorithms-ELSGO/MOS_CEC2013/src/gaeda/islands/EAIslandsTopology.h">
			<Option target="gaeda"/>
		</Unit>
		<Unit filename="/Users/Arthur18/Documents/UGR-GII/4toCurso/TFG-AdvancedMetaheuristicsForBigOpt/UGR-GII-TFG/Algorithms-ELSGO/MOS_CEC2013/src/gaeda/islands/EARandomEmigrantsSelector.cc">
			<Option target="gaeda"/>
		</Unit>
		<Unit filename="/Users/Arthur18/Documents/UGR-GII/4toCurso/TFG-AdvancedMetaheuristicsForBigOpt/UGR-GII-TFG/Algorithms-ELSGO/MOS_CEC2013/src/gaeda/islands/EARandomEmigrantsSelector.h">
			<Option target="gaeda"/>
		</Unit>
		<Unit filename="/Users/Arthur18/Documents/UGR-GII/4toCurso/TFG-AdvancedMetaheuristicsForBigOpt/UGR-GII-TFG/Algorithms-ELSGO/MOS_CEC2013/src/gaeda/islands/GAIslandsTopologyA2A.cc">
			<Option target="gaeda"/>
		</Unit>
		<Unit filename="/Users/Arthur18/Documents/UGR-GII/4toCurso/TFG-AdvancedMetaheuristicsForBigOpt/UGR-GII-TFG/Algorithms-ELSGO/MOS_CEC2013/src/gaeda/islands/GAIslandsTopologyA2A.h">
			<Option target="gaeda"/>
		</Unit>
		<Unit filename="/Users/Arthur18/Documents/UGR-GII/4toCurso/TFG-AdvancedMetaheuristicsForBigOpt/UGR-GII-TFG/Algorithms-ELSGO/MOS_CEC2013/src/gaeda/islands/GAIslandsTopologyDynMedoidsBased.cc">
			<Option target="gaeda"/>
		</Unit>
		<Unit filename="/Users/Arthur18/Documents/UGR-GII/4toCurso/TFG-AdvancedMetaheuristicsForBigOpt/UGR-GII-TFG/Algorithms-ELSGO/MOS_CEC2013/src/gaeda/islands/GAIslandsTopologyDynMedoidsBased.h">
			<Option target="gaeda"/>
		</Unit>
		<Unit filename="/Users/Arthur18/Documents/UGR-GII/4toCurso/TFG-AdvancedMetaheuristicsForBigOpt/UGR-GII-TFG/Algorithms-ELSGO/MOS_CEC2013/src/gaeda/islands/GAIslandsTopologyFurthestNeighbor.cc">
			<Option target="gaeda"/>
		</Unit>
		<Unit filename="/Users/Arthur18/Documents/UGR-GII/4toCurso/TFG-AdvancedMetaheuristicsForBigOpt/UGR-GII-TFG/Algorithms-ELSGO/MOS_CEC2013/src/gaeda/islands/GAIslandsTopologyFurthestNeighbor.h">
			<Option target="gaeda"/>
		</Unit>
		<Unit filename="/Users/Arthur18/Documents/UGR-GII/4toCurso/TFG-AdvancedMetaheuristicsForBigOpt/UGR-GII-TFG/Algorithms-ELSGO/MOS_CEC2013/src/gaeda/islands/GAIslandsTopologyHyperCube.cc">
			<Option target="gaeda"/>
		</Unit>
		<Unit filename="/Users/Arthur18/Documents/UGR-GII/4toCurso/TFG-AdvancedMetaheuristicsForBigOpt/UGR-GII-TFG/Algorithms-ELSGO/MOS_CEC2013/src/gaeda/islands/GAIslandsTopologyHyperCube.h">
			<Option target="gaeda"/>
		</Unit>
		<Unit filename="/Users/Arthur18/Documents/UGR-GII/4toCurso/TFG-AdvancedMetaheuristicsForBigOpt/UGR-GII-TFG/Algorithms-ELSGO/MOS_CEC2013/src/gaeda/islands/GAIslandsTopologyNearestNeighbor.cc">
			<Option target="gaeda"/>
		</Unit>
		<Unit filename="/Users/Arthur18/Documents/UGR-GII/4toCurso/TFG-AdvancedMetaheuristicsForBigOpt/UGR-GII-TFG/Algorithms-ELSGO/MOS_CEC2013/src/gaeda/islands/GAIslandsTopologyNearestNeighbor.h">
			<Option target="gaeda"/>
		</Unit>
		<Unit filename="/Users/Arthur18/Documents/UGR-GII/4toCurso/TFG-AdvancedMetaheuristicsForBigOpt/UGR-GII-TFG/Algorithms-ELSGO/MOS_CEC2013/src/gaeda/islands/GAIslandsTopologyRandom.cc">
			<Option target="gaeda"/>
		</Unit>
		<Unit filename="/Users/Arthur18/Documents/UGR-GII/4toCurso/TFG-AdvancedMetaheuristicsForBigOpt/UGR-GII-TFG/Algorithms-ELSGO/MOS_CEC2013/src/gaeda/islands/GAIslandsTopologyRandom.h">
			<Option target="gaeda"/>
		</Unit>
		<Unit filename="/Users/Arthur18/Documents/UGR-GII/4toCurso/TFG-AdvancedMetaheuristicsForBigOpt/UGR-GII-TFG/Algorithms-ELSGO/MOS_CEC2013/src/gaeda/islands/GAIslandsTopologyRing.cc">
			<Option target="gaeda"/>
		</Unit>
		<Unit filename="/Users/Arthur18/Documents/UGR-GII/4toCurso/TFG-AdvancedMetaheuristicsForBigOpt/UGR-GII-TFG/Algorithms-ELSGO/MOS_CEC2013/src/gaeda/islands/GAIslandsTopologyRing.h">
			<Option target="gaeda"/>
		</Unit>
		<Unit filename="/Users/Arthur18/Documents/UGR-GII/4toCurso/TFG-AdvancedMetaheuristicsForBigOpt/UGR-GII-TFG/Algorithms-ELSGO/MOS_CEC2013/src/gaeda/islands/GAIslandsTopologyRing2.cc">
			<Option target="gaeda"/>
		</Unit>
		<Unit filename="/Users/Arthur18/Documents/UGR-GII/4toCurso/TFG-AdvancedMetaheuristicsForBigOpt/UGR-GII-TFG/Algorithms-ELSGO/MOS_CEC2013/src/gaeda/islands/GAIslandsTopologyRing2.h">
			<Option target="gaeda"/>
		</Unit>
		<Unit filename="/Users/Arthur18/Documents/UGR-GII/4toCurso/TFG-AdvancedMetaheuristicsForBigOpt/UGR-GII-TFG/Algorithms-ELSGO/MOS_CEC2013/src/gaeda/islands/RandomCentGenerator.cc">
			<Option target="gaeda"/>
		</Unit>
		<Unit filename="/Users/Arthur18/Documents/UGR-GII/4toCurso/TFG-AdvancedMetaheuristicsForBigOpt/UGR-GII-TFG/Algorithms-ELSGO/MOS_CEC2013/src/gaeda/islands/RandomCentGenerator.h">
			<Option target="gaeda"/>
		</Unit>
		<Unit filename="/Users/Arthur18/Documents/UGR-GII/4toCurso/TFG-AdvancedMetaheuristicsForBigOpt/UGR-GII-TFG/Algorithms-ELSGO/MOS_CEC2013/src/gaeda/islands/RandomHighSeparatedCentGenerator.cc">
			<Option target="gaeda"/>
		</Unit>
		<Unit filename="/Users/Arthur18/Documents/UGR-GII/4toCurso/TFG-AdvancedMetaheuristicsForBigOpt/UGR-GII-TFG/Algorithms-ELSGO/MOS_CEC2013/src/gaeda/islands/RandomHighSeparatedCentGenerator.h">
			<Option target="gaeda"/>
		</Unit>
		<Unit filename="/Users/Arthur18/Documents/UGR-GII/4toCurso/TFG-AdvancedMetaheuristicsForBigOpt/UGR-GII-TFG/Algorithms-ELSGO/MOS_CEC2013/src/gaeda/islands/VoronoiIndInit.cc">
			<Option target="gaeda"/>
		</Unit>
		<Unit filename="/Users/Arthur18/Documents/UGR-GII/4toCurso/TFG-AdvancedMetaheuristicsForBigOpt/UGR-GII-TFG/Algorithms-ELSGO/MOS_CEC2013/src/gaeda/islands/VoronoiIndInit.h">
			<Option target="gaeda"/>
		</Unit>
		<Unit filename="/Users/Arthur18/Documents/UGR-GII/4toCurso/TFG-AdvancedMetaheuristicsForBigOpt/UGR-GII-TFG/Algorithms-ELSGO/MOS_CEC2013/src/gaeda/islands/islandsutils.cc">
			<Option target="gaeda"/>
		</Unit>
		<Unit filename="/Users/Arthur18/Documents/UGR-GII/4toCurso/TFG-AdvancedMetaheuristicsForBigOpt/UGR-GII-TFG/Algorithms-ELSGO/MOS_CEC2013/src/gaeda/islands/islandsutils.h">
			<Option target="gaeda"/>
		</Unit>
		<Unit filename="/Users/Arthur18/Documents/UGR-GII/4toCurso/TFG-AdvancedMetaheuristicsForBigOpt/UGR-GII-TFG/Algorithms-ELSGO/MOS_CEC2013/src/gaeda/islands/neighborconds.cc">
			<Option target="gaeda"/>
		</Unit>
		<Unit filename="/Users/Arthur18/Documents/UGR-GII/4toCurso/TFG-AdvancedMetaheuristicsForBigOpt/UGR-GII-TFG/Algorithms-ELSGO/MOS_CEC2013/src/gaeda/islands/neighborconds.h">
			<Option target="gaeda"/>
		</Unit>
		<Unit filename="/Users/Arthur18/Documents/UGR-GII/4toCurso/TFG-AdvancedMetaheuristicsForBigOpt/UGR-GII-TFG/Algorithms-ELSGO/MOS_CEC2013/src/gaeda/logger/CollectionLogStat.cc">
			<Option target="gaeda"/>
		</Unit>
		<Unit filename="/Users/Arthur18/Documents/UGR-GII/4toCurso/TFG-AdvancedMetaheuristicsForBigOpt/UGR-GII-TFG/Algorithms-ELSGO/MOS_CEC2013/src/gaeda/logger/CollectionLogStat.h">
			<Option target="gaeda"/>
		</Unit>
		<Unit filename="/Users/Arthur18/Documents/UGR-GII/4toCurso/TFG-AdvancedMetaheuristicsForBigOpt/UGR-GII-TFG/Algorithms-ELSGO/MOS_CEC2013/src/gaeda/logger/FSSLogStat.cc">
			<Option target="gaeda"/>
		</Unit>
		<Unit filename="/Users/Arthur18/Documents/UGR-GII/4toCurso/TFG-AdvancedMetaheuristicsForBigOpt/UGR-GII-TFG/Algorithms-ELSGO/MOS_CEC2013/src/gaeda/logger/FSSLogStat.h">
			<Option target="gaeda"/>
		</Unit>
		<Unit filename="/Users/Arthur18/Documents/UGR-GII/4toCurso/TFG-AdvancedMetaheuristicsForBigOpt/UGR-GII-TFG/Algorithms-ELSGO/MOS_CEC2013/src/gaeda/logger/GAFileLogger.cc">
			<Option target="gaeda"/>
		</Unit>
		<Unit filename="/Users/Arthur18/Documents/UGR-GII/4toCurso/TFG-AdvancedMetaheuristicsForBigOpt/UGR-GII-TFG/Algorithms-ELSGO/MOS_CEC2013/src/gaeda/logger/GAFileLogger.h">
			<Option target="gaeda"/>
		</Unit>
		<Unit filename="/Users/Arthur18/Documents/UGR-GII/4toCurso/TFG-AdvancedMetaheuristicsForBigOpt/UGR-GII-TFG/Algorithms-ELSGO/MOS_CEC2013/src/gaeda/logger/GALogger.cc">
			<Option target="gaeda"/>
		</Unit>
		<Unit filename="/Users/Arthur18/Documents/UGR-GII/4toCurso/TFG-AdvancedMetaheuristicsForBigOpt/UGR-GII-TFG/Algorithms-ELSGO/MOS_CEC2013/src/gaeda/logger/GALogger.h">
			<Option target="gaeda"/>
		</Unit>
		<Unit filename="/Users/Arthur18/Documents/UGR-GII/4toCurso/TFG-AdvancedMetaheuristicsForBigOpt/UGR-GII-TFG/Algorithms-ELSGO/MOS_CEC2013/src/gaeda/logger/GANullLogger.cc">
			<Option target="gaeda"/>
		</Unit>
		<Unit filename="/Users/Arthur18/Documents/UGR-GII/4toCurso/TFG-AdvancedMetaheuristicsForBigOpt/UGR-GII-TFG/Algorithms-ELSGO/MOS_CEC2013/src/gaeda/logger/GANullLogger.h">
			<Option target="gaeda"/>
		</Unit>
		<Unit filename="/Users/Arthur18/Documents/UGR-GII/4toCurso/TFG-AdvancedMetaheuristicsForBigOpt/UGR-GII-TFG/Algorithms-ELSGO/MOS_CEC2013/src/gaeda/logger/GenealogyLogStat.cc">
			<Option target="gaeda"/>
		</Unit>
		<Unit filename="/Users/Arthur18/Documents/UGR-GII/4toCurso/TFG-AdvancedMetaheuristicsForBigOpt/UGR-GII-TFG/Algorithms-ELSGO/MOS_CEC2013/src/gaeda/logger/GenealogyLogStat.h">
			<Option target="gaeda"/>
		</Unit>
		<Unit filename="/Users/Arthur18/Documents/UGR-GII/4toCurso/TFG-AdvancedMetaheuristicsForBigOpt/UGR-GII-TFG/Algorithms-ELSGO/MOS_CEC2013/src/gaeda/logger/ImprovementsLogStat.cc">
			<Option target="gaeda"/>
		</Unit>
		<Unit filename="/Users/Arthur18/Documents/UGR-GII/4toCurso/TFG-AdvancedMetaheuristicsForBigOpt/UGR-GII-TFG/Algorithms-ELSGO/MOS_CEC2013/src/gaeda/logger/ImprovementsLogStat.h">
			<Option target="gaeda"/>
		</Unit>
		<Unit filename="/Users/Arthur18/Documents/UGR-GII/4toCurso/TFG-AdvancedMetaheuristicsForBigOpt/UGR-GII-TFG/Algorithms-ELSGO/MOS_CEC2013/src/gaeda/logger/OptDistLogStat.cc">
			<Option target="gaeda"/>
		</Unit>
		<Unit filename="/Users/Arthur18/Documents/UGR-GII/4toCurso/TFG-AdvancedMetaheuristicsForBigOpt/UGR-GII-TFG/Algorithms-ELSGO/MOS_CEC2013/src/gaeda/logger/OptDistLogStat.h">
			<Option target="gaeda"/>
		</Unit>
		<Unit filename="/Users/Arthur18/Documents/UGR-GII/4toCurso/TFG-AdvancedMetaheuristicsForBigOpt/UGR-GII-TFG/Algorithms-ELSGO/MOS_CEC2013/src/gaeda/logger/OptNCompsLogStat.cc">
			<Option target="gaeda"/>
		</Unit>
		<Unit filename="/Users/Arthur18/Documents/UGR-GII/4toCurso/TFG-AdvancedMetaheuristicsForBigOpt/UGR-GII-TFG/Algorithms-ELSGO/MOS_CEC2013/src/gaeda/logger/OptNCompsLogStat.h">
			<Option target="gaeda"/>
		</Unit>
		<Unit filename="/Users/Arthur18/Documents/UGR-GII/4toCurso/TFG-AdvancedMetaheuristicsForBigOpt/UGR-GII-TFG/Algorithms-ELSGO/MOS_CEC2013/src/gaeda/logger/ParticipationLogStat.cc">
			<Option target="gaeda"/>
		</Unit>
		<Unit filename="/Users/Arthur18/Documents/UGR-GII/4toCurso/TFG-AdvancedMetaheuristicsForBigOpt/UGR-GII-TFG/Algorithms-ELSGO/MOS_CEC2013/src/gaeda/logger/ParticipationLogStat.h">
			<Option target="gaeda"/>
		</Unit>
		<Unit filename="/Users/Arthur18/Documents/UGR-GII/4toCurso/TFG-AdvancedMetaheuristicsForBigOpt/UGR-GII-TFG/Algorithms-ELSGO/MOS_CEC2013/src/gaeda/logger/QualityLogStat.cc">
			<Option target="gaeda"/>
		</Unit>
		<Unit filename="/Users/Arthur18/Documents/UGR-GII/4toCurso/TFG-AdvancedMetaheuristicsForBigOpt/UGR-GII-TFG/Algorithms-ELSGO/MOS_CEC2013/src/gaeda/logger/QualityLogStat.h">
			<Option target="gaeda"/>
		</Unit>
		<Unit filename="/Users/Arthur18/Documents/UGR-GII/4toCurso/TFG-AdvancedMetaheuristicsForBigOpt/UGR-GII-TFG/Algorithms-ELSGO/MOS_CEC2013/src/gaeda/logger/RoutingAlgScoreLogStat.cc">
			<Option target="gaeda"/>
		</Unit>
		<Unit filename="/Users/Arthur18/Documents/UGR-GII/4toCurso/TFG-AdvancedMetaheuristicsForBigOpt/UGR-GII-TFG/Algorithms-ELSGO/MOS_CEC2013/src/gaeda/logger/RoutingAlgScoreLogStat.h">
			<Option target="gaeda"/>
		</Unit>
		<Unit filename="/Users/Arthur18/Documents/UGR-GII/4toCurso/TFG-AdvancedMetaheuristicsForBigOpt/UGR-GII-TFG/Algorithms-ELSGO/MOS_CEC2013/src/gaeda/logger/SetLogStat.cc">
			<Option target="gaeda"/>
		</Unit>
		<Unit filename="/Users/Arthur18/Documents/UGR-GII/4toCurso/TFG-AdvancedMetaheuristicsForBigOpt/UGR-GII-TFG/Algorithms-ELSGO/MOS_CEC2013/src/gaeda/logger/SetLogStat.h">
			<Option target="gaeda"/>
		</Unit>
		<Unit filename="/Users/Arthur18/Documents/UGR-GII/4toCurso/TFG-AdvancedMetaheuristicsForBigOpt/UGR-GII-TFG/Algorithms-ELSGO/MOS_CEC2013/src/gaeda/logger/SingleLogStat.cc">
			<Option target="gaeda"/>
		</Unit>
		<Unit filename="/Users/Arthur18/Documents/UGR-GII/4toCurso/TFG-AdvancedMetaheuristicsForBigOpt/UGR-GII-TFG/Algorithms-ELSGO/MOS_CEC2013/src/gaeda/logger/SingleLogStat.h">
			<Option target="gaeda"/>
		</Unit>
		<Unit filename="/Users/Arthur18/Documents/UGR-GII/4toCurso/TFG-AdvancedMetaheuristicsForBigOpt/UGR-GII-TFG/Algorithms-ELSGO/MOS_CEC2013/src/gaeda/normal.c">
			<Option target="gaeda"/>
		</Unit>
		<Unit filename="/Users/Arthur18/Documents/UGR-GII/4toCurso/TFG-AdvancedMetaheuristicsForBigOpt/UGR-GII-TFG/Algorithms-ELSGO/MOS_CEC2013/src/gaeda/normal.h">
			<Option target="gaeda"/>
		</Unit>
		<Unit filename="/Users/Arthur18/Documents/UGR-GII/4toCurso/TFG-AdvancedMetaheuristicsForBigOpt/UGR-GII-TFG/Algorithms-ELSGO/MOS_CEC2013/src/gaeda/quicksort.c">
			<Option target="gaeda"/>
		</Unit>
		<Unit filename="/Users/Arthur18/Documents/UGR-GII/4toCurso/TFG-AdvancedMetaheuristicsForBigOpt/UGR-GII-TFG/Algorithms-ELSGO/MOS_CEC2013/src/gaeda/quicksort.h">
			<Option target="gaeda"/>
		</Unit>
		<Unit filename="/Users/Arthur18/Documents/UGR-GII/4toCurso/TFG-AdvancedMetaheuristicsForBigOpt/UGR-GII-TFG/Algorithms-ELSGO/MOS_CEC2013/src/gaeda/routingdist/DistRoutingAlg.cc">
			<Option target="gaeda"/>
		</Unit>
		<Unit filename="/Users/Arthur18/Documents/UGR-GII/4toCurso/TFG-AdvancedMetaheuristicsForBigOpt/UGR-GII-TFG/Algorithms-ELSGO/MOS_CEC2013/src/gaeda/routingdist/DistRoutingAlg.h">
			<Option target="gaeda"/>
		</Unit>
		<Unit filename="/Users/Arthur18/Documents/UGR-GII/4toCurso/TFG-AdvancedMetaheuristicsForBigOpt/UGR-GII-TFG/Algorithms-ELSGO/MOS_CEC2013/src/gaeda/routingdist/RouteDistributor.cc">
			<Option target="gaeda"/>
		</Unit>
		<Unit filename="/Users/Arthur18/Documents/UGR-GII/4toCurso/TFG-AdvancedMetaheuristicsForBigOpt/UGR-GII-TFG/Algorithms-ELSGO/MOS_CEC2013/src/gaeda/routingdist/RouteDistributor.h">
			<Option target="gaeda"/>
		</Unit>
		<Unit filename="/Users/Arthur18/Documents/UGR-GII/4toCurso/TFG-AdvancedMetaheuristicsForBigOpt/UGR-GII-TFG/Algorithms-ELSGO/MOS_CEC2013/src/gaeda/solis.cc">
			<Option target="gaeda"/>
		</Unit>
		<Unit filename="/Users/Arthur18/Documents/UGR-GII/4toCurso/TFG-AdvancedMetaheuristicsForBigOpt/UGR-GII-TFG/Algorithms-ELSGO/MOS_CEC2013/src/gaeda/solis.h">
			<Option target="gaeda"/>
		</Unit>
		<Unit filename="/Users/Arthur18/Documents/UGR-GII/4toCurso/TFG-AdvancedMetaheuristicsForBigOpt/UGR-GII-TFG/Algorithms-ELSGO/MOS_CEC2013/src/gaeda/solisrand.cc">
			<Option target="gaeda"/>
		</Unit>
		<Unit filename="/Users/Arthur18/Documents/UGR-GII/4toCurso/TFG-AdvancedMetaheuristicsForBigOpt/UGR-GII-TFG/Algorithms-ELSGO/MOS_CEC2013/src/gaeda/solisrand.h">
			<Option target="gaeda"/>
		</Unit>
		<Unit filename="/Users/Arthur18/Documents/UGR-GII/4toCurso/TFG-AdvancedMetaheuristicsForBigOpt/UGR-GII-TFG/Algorithms-ELSGO/MOS_CEC2013/src/gaedaexec/main.cc">
			<Option target="gaedaexec"/>
		</Unit>
		<Unit filename="/Users/Arthur18/Documents/UGR-GII/4toCurso/TFG-AdvancedMetaheuristicsForBigOpt/UGR-GII-TFG/Algorithms-ELSGO/MOS_CEC2013/src/problems/EEG_BigOpt/eeg_problem.cc">
			<Option target="eeg_problem"/>
		</Unit>
		<Unit filename="/Users/Arthur18/Documents/UGR-GII/4toCurso/TFG-AdvancedMetaheuristicsForBigOpt/UGR-GII-TFG/Algorithms-ELSGO/MOS_CEC2013/src/problems/EEG_BigOpt/eeg_problem.h">
			<Option target="eeg_problem"/>
		</Unit>
		<Unit filename="/Users/Arthur18/Documents/UGR-GII/4toCurso/TFG-AdvancedMetaheuristicsForBigOpt/UGR-GII-TFG/Algorithms-ELSGO/MOS_CEC2013/src/utils/genealogy.cc">
			<Option target="genealogy"/>
		</Unit>
		<Unit filename="/Users/Arthur18/Documents/UGR-GII/4toCurso/TFG-AdvancedMetaheuristicsForBigOpt/UGR-GII-TFG/Algorithms-ELSGO/MOS_CEC2013/src/CMakeLists.txt">
			<Option virtualFolder="CMake Files\"/>
		</Unit>
		<Unit filename="/Users/Arthur18/Documents/UGR-GII/4toCurso/TFG-AdvancedMetaheuristicsForBigOpt/UGR-GII-TFG/Algorithms-ELSGO/MOS_CEC2013/src/gaeda/CMakeLists.txt">
			<Option virtualFolder="CMake Files\gaeda\"/>
		</Unit>
		<Unit filename="/Users/Arthur18/Documents/UGR-GII/4toCurso/TFG-AdvancedMetaheuristicsForBigOpt/UGR-GII-TFG/Algorithms-ELSGO/MOS_CEC2013/src/gaedaexec/CMakeLists.txt">
			<Option virtualFolder="CMake Files\gaedaexec\"/>
		</Unit>
		<Unit filename="/Users/Arthur18/Documents/UGR-GII/4toCurso/TFG-AdvancedMetaheuristicsForBigOpt/UGR-GII-TFG/Algorithms-ELSGO/MOS_CEC2013/src/problems/CMakeLists.txt">
			<Option virtualFolder="CMake Files\problems\"/>
		</Unit>
		<Unit filename="/Users/Arthur18/Documents/UGR-GII/4toCurso/TFG-AdvancedMetaheuristicsForBigOpt/UGR-GII-TFG/Algorithms-ELSGO/MOS_CEC2013/src/problems/EEG_BigOpt/CMakeLists.txt">
			<Option virtualFolder="CMake Files\problems\EEG_BigOpt\"/>
		</Unit>
		<Unit filename="/Users/Arthur18/Documents/UGR-GII/4toCurso/TFG-AdvancedMetaheuristicsForBigOpt/UGR-GII-TFG/Algorithms-ELSGO/MOS_CEC2013/src/utils/CMakeLists.txt">
			<Option virtualFolder="CMake Files\utils\"/>
		</Unit>
	</Project>
</CodeBlocks_project_file>
